// !$*UTF8*$!
{
	archiveVersion = 1;
	classes = {
	};
	objectVersion = 50;
	objects = {

/* Begin PBXBuildFile section */
		1F188CDA21AD5F0D00985A57 /* WZUserInfoManager.m in Sources */ = {isa = PBXBuildFile; fileRef = 1F188CD921AD5F0D00985A57 /* WZUserInfoManager.m */; };
		1F188CDD21AF93FF00985A57 /* WZSettingsTableViewController.m in Sources */ = {isa = PBXBuildFile; fileRef = 1F188CDC21AF93FF00985A57 /* WZSettingsTableViewController.m */; };
		1F188CE021AF957B00985A57 /* WZCenterLabelTableViewCell.m in Sources */ = {isa = PBXBuildFile; fileRef = 1F188CDF21AF957B00985A57 /* WZCenterLabelTableViewCell.m */; };
		1F6E36B8224C9D8800FEEC49 /* WZActivityCommentTableViewController.m in Sources */ = {isa = PBXBuildFile; fileRef = 1F6E36B7224C9D8800FEEC49 /* WZActivityCommentTableViewController.m */; };
		1F6E36BB224CAC9000FEEC49 /* WZActivityRankView.m in Sources */ = {isa = PBXBuildFile; fileRef = 1F6E36BA224CAC9000FEEC49 /* WZActivityRankView.m */; };
		1FC0185B22478B1B00A25DF7 /* WZActivityAmountCell.m in Sources */ = {isa = PBXBuildFile; fileRef = 1FC0185A22478B1B00A25DF7 /* WZActivityAmountCell.m */; };
		1FFA340D21B2768C00CF8F54 /* WZUser.m in Sources */ = {isa = PBXBuildFile; fileRef = 1FFA340C21B2768C00CF8F54 /* WZUser.m */; };
		1FFB191A224C9BBF0047BFA6 /* WZActivityCommentCell.m in Sources */ = {isa = PBXBuildFile; fileRef = 1FFB1919224C9BBF0047BFA6 /* WZActivityCommentCell.m */; };
		3B11DB16223D0DF300A99B61 /* WZDateAndTimeStampConverter.m in Sources */ = {isa = PBXBuildFile; fileRef = 3B11DB14223D0DF300A99B61 /* WZDateAndTimeStampConverter.m */; };
		3B11DB19223D118400A99B61 /* Assets.xcassets in Resources */ = {isa = PBXBuildFile; fileRef = 3B11DB18223D118300A99B61 /* Assets.xcassets */; };
		3B1258CB21E4600500BFD388 /* WZStarLevelTableViewCell.m in Sources */ = {isa = PBXBuildFile; fileRef = 3B1258CA21E4600500BFD388 /* WZStarLevelTableViewCell.m */; };
		3B96DE1E21A662A0007DC72B /* AppDelegate.m in Sources */ = {isa = PBXBuildFile; fileRef = 3B96DE1D21A662A0007DC72B /* AppDelegate.m */; };
		3B96DE2921A662A1007DC72B /* LaunchScreen.storyboard in Resources */ = {isa = PBXBuildFile; fileRef = 3B96DE2721A662A1007DC72B /* LaunchScreen.storyboard */; };
		3B96DE2C21A662A1007DC72B /* main.m in Sources */ = {isa = PBXBuildFile; fileRef = 3B96DE2B21A662A1007DC72B /* main.m */; };
		3B96DE3621A662A1007DC72B /* WZYX_CustomerTests.m in Sources */ = {isa = PBXBuildFile; fileRef = 3B96DE3521A662A1007DC72B /* WZYX_CustomerTests.m */; };
		3B96DE4121A662A1007DC72B /* WZYX_CustomerUITests.m in Sources */ = {isa = PBXBuildFile; fileRef = 3B96DE4021A662A1007DC72B /* WZYX_CustomerUITests.m */; };
		3B96DE8C21A6A630007DC72B /* WZLoginTableViewCell.m in Sources */ = {isa = PBXBuildFile; fileRef = 3B96DE8B21A6A630007DC72B /* WZLoginTableViewCell.m */; };
		3B96DE9321A6B6A2007DC72B /* WZLoginViewController.m in Sources */ = {isa = PBXBuildFile; fileRef = 3B96DE9221A6B6A2007DC72B /* WZLoginViewController.m */; };
		3B96DE9921A6DA42007DC72B /* WZRegisterViewController.m in Sources */ = {isa = PBXBuildFile; fileRef = 3B96DE9821A6DA42007DC72B /* WZRegisterViewController.m */; };
		3B96DE9F21A6E0DA007DC72B /* WZLoginTableView.m in Sources */ = {isa = PBXBuildFile; fileRef = 3B96DE9E21A6E0DA007DC72B /* WZLoginTableView.m */; };
		3B96DEA521A6E39B007DC72B /* WZLoginNavigationController.m in Sources */ = {isa = PBXBuildFile; fileRef = 3B96DEA421A6E39B007DC72B /* WZLoginNavigationController.m */; };
		3B96DEAE21A7E8B8007DC72B /* UIButton+WZCountDownButton.m in Sources */ = {isa = PBXBuildFile; fileRef = 3B96DEAD21A7E8B8007DC72B /* UIButton+WZCountDownButton.m */; };
		3B96DEB221A7FB27007DC72B /* WZDataFormatChecker.m in Sources */ = {isa = PBXBuildFile; fileRef = 3B96DEB121A7FB27007DC72B /* WZDataFormatChecker.m */; };
		3B96DEB621A94440007DC72B /* WZLogin.m in Sources */ = {isa = PBXBuildFile; fileRef = 3B96DEB521A94440007DC72B /* WZLogin.m */; };
		3B96DECE21AA94A5007DC72B /* WZResetPasswordViewController.m in Sources */ = {isa = PBXBuildFile; fileRef = 3B96DECD21AA94A5007DC72B /* WZResetPasswordViewController.m */; };
		3B96DED121AA9553007DC72B /* WZModifyPasswordViewController.m in Sources */ = {isa = PBXBuildFile; fileRef = 3B96DED021AA9553007DC72B /* WZModifyPasswordViewController.m */; };
		3B96DEDF21AC07CC007DC72B /* WZMainTabBarController.m in Sources */ = {isa = PBXBuildFile; fileRef = 3B96DEDE21AC07CC007DC72B /* WZMainTabBarController.m */; };
		3B96DEE521AC09BE007DC72B /* WZMineNavigationController.m in Sources */ = {isa = PBXBuildFile; fileRef = 3B96DEE421AC09BE007DC72B /* WZMineNavigationController.m */; };
		3B96DEE821AC0B3A007DC72B /* WZMineTableViewController.m in Sources */ = {isa = PBXBuildFile; fileRef = 3B96DEE621AC0B3A007DC72B /* WZMineTableViewController.m */; };
		3B96DEEC21AC0DF7007DC72B /* WZUserPortraitTableViewCell.m in Sources */ = {isa = PBXBuildFile; fileRef = 3B96DEEB21AC0DF7007DC72B /* WZUserPortraitTableViewCell.m */; };
		3B96DEEF21AC17C0007DC72B /* WZMyProfileTableViewController.m in Sources */ = {isa = PBXBuildFile; fileRef = 3B96DEED21AC17C0007DC72B /* WZMyProfileTableViewController.m */; };
		3B96DEF221AC1D7D007DC72B /* WZNameTableViewController.m in Sources */ = {isa = PBXBuildFile; fileRef = 3B96DEF121AC1D7D007DC72B /* WZNameTableViewController.m */; };
		3B96DEF521AC22DD007DC72B /* WZTextFieldTableViewCell.m in Sources */ = {isa = PBXBuildFile; fileRef = 3B96DEF421AC22DD007DC72B /* WZTextFieldTableViewCell.m */; };
		3B96DEF821AC251B007DC72B /* WZGenderTableViewController.m in Sources */ = {isa = PBXBuildFile; fileRef = 3B96DEF721AC251B007DC72B /* WZGenderTableViewController.m */; };
		3B96DEFB21AC270A007DC72B /* WZAvatarViewController.m in Sources */ = {isa = PBXBuildFile; fileRef = 3B96DEF921AC270A007DC72B /* WZAvatarViewController.m */; };
		3B96DF0321AC289A007DC72B /* WZCityInfo.m in Sources */ = {isa = PBXBuildFile; fileRef = 3B96DF0121AC289A007DC72B /* WZCityInfo.m */; };
		3B96DF0521AC2A5A007DC72B /* cities.plist in Resources */ = {isa = PBXBuildFile; fileRef = 3B96DF0421AC2A5A007DC72B /* cities.plist */; };
		3B96DF0821AC3ED9007DC72B /* WZSubmitButtonTableViewCell.m in Sources */ = {isa = PBXBuildFile; fileRef = 3B96DF0721AC3ED9007DC72B /* WZSubmitButtonTableViewCell.m */; };
		3B96DF5C21B0F080007DC72B /* WZOrder.m in Sources */ = {isa = PBXBuildFile; fileRef = 3B96DF5B21B0F080007DC72B /* WZOrder.m */; };
		3B96DF5F21B0FB36007DC72B /* WZOrderTableViewCell.m in Sources */ = {isa = PBXBuildFile; fileRef = 3B96DF5E21B0FB36007DC72B /* WZOrderTableViewCell.m */; };
		3B96DF6221B10205007DC72B /* WZOrderNavigationController.m in Sources */ = {isa = PBXBuildFile; fileRef = 3B96DF6121B10205007DC72B /* WZOrderNavigationController.m */; };
		3B96DF6521B10DD4007DC72B /* WZBaseScrollViewController.m in Sources */ = {isa = PBXBuildFile; fileRef = 3B96DF6421B10DD4007DC72B /* WZBaseScrollViewController.m */; };
		3B96DF6821B11C6A007DC72B /* WZOrderListTableViewController.m in Sources */ = {isa = PBXBuildFile; fileRef = 3B96DF6721B11C6A007DC72B /* WZOrderListTableViewController.m */; };
		3BB4ECD921E1A76500E84669 /* WZDateStringConverter.m in Sources */ = {isa = PBXBuildFile; fileRef = 3BB4ECD821E1A76500E84669 /* WZDateStringConverter.m */; };
		3BB4ECDC21E1A9CB00E84669 /* WZRandomStringGenerator.m in Sources */ = {isa = PBXBuildFile; fileRef = 3BB4ECDB21E1A9CB00E84669 /* WZRandomStringGenerator.m */; };
		3BB4ECDF21E2F22200E84669 /* WZNoContentView.m in Sources */ = {isa = PBXBuildFile; fileRef = 3BB4ECDE21E2F22200E84669 /* WZNoContentView.m */; };
		3BB4ECE821E324A800E84669 /* WZCommentTableViewController.m in Sources */ = {isa = PBXBuildFile; fileRef = 3BB4ECE721E324A800E84669 /* WZCommentTableViewController.m */; };
		3BB4ECEB21E327C500E84669 /* WZOrderTitleTableViewCell.m in Sources */ = {isa = PBXBuildFile; fileRef = 3BB4ECEA21E327C500E84669 /* WZOrderTitleTableViewCell.m */; };
		3BB4ECEE21E32D2100E84669 /* WZCommentInputTableViewCell.m in Sources */ = {isa = PBXBuildFile; fileRef = 3BB4ECED21E32D2100E84669 /* WZCommentInputTableViewCell.m */; };
		3BC20C8021BB9873002A31EC /* WZObjectDictionaryConverter.m in Sources */ = {isa = PBXBuildFile; fileRef = 3BC20C7F21BB9873002A31EC /* WZObjectDictionaryConverter.m */; };
		3BC20C8321BE02BA002A31EC /* WZOrderActionTableViewCell.m in Sources */ = {isa = PBXBuildFile; fileRef = 3BC20C8221BE02BA002A31EC /* WZOrderActionTableViewCell.m */; };
		3BC20C8621BE359F002A31EC /* WZOrderDetailTableViewController.m in Sources */ = {isa = PBXBuildFile; fileRef = 3BC20C8521BE359F002A31EC /* WZOrderDetailTableViewController.m */; };
		3BC20C8921BE3C75002A31EC /* WZOrderStateTableViewCell.m in Sources */ = {isa = PBXBuildFile; fileRef = 3BC20C8821BE3C75002A31EC /* WZOrderStateTableViewCell.m */; };
		3BC20C8C21BE42C8002A31EC /* WZOrderPriceTableViewCell.m in Sources */ = {isa = PBXBuildFile; fileRef = 3BC20C8B21BE42C8002A31EC /* WZOrderPriceTableViewCell.m */; };
		3BC20C8F21BE4B0B002A31EC /* WZOrderInfoTableViewCell.m in Sources */ = {isa = PBXBuildFile; fileRef = 3BC20C8E21BE4B0B002A31EC /* WZOrderInfoTableViewCell.m */; };
		3BC20C9221BF9302002A31EC /* WZCertificationViewController.m in Sources */ = {isa = PBXBuildFile; fileRef = 3BC20C9121BF9302002A31EC /* WZCertificationViewController.m */; };
		3BF2059E21DF2D03009C1D56 /* WZPayTableViewController.m in Sources */ = {isa = PBXBuildFile; fileRef = 3BF2059D21DF2D03009C1D56 /* WZPayTableViewController.m */; };
		3BF205A721DF37DB009C1D56 /* WZPayMethodTableViewCell.m in Sources */ = {isa = PBXBuildFile; fileRef = 3BF205A621DF37DB009C1D56 /* WZPayMethodTableViewCell.m */; };
		3BF205AA21DF55ED009C1D56 /* WZSubmitButtonView.m in Sources */ = {isa = PBXBuildFile; fileRef = 3BF205A921DF55ED009C1D56 /* WZSubmitButtonView.m */; };
		3BF205AD21DF6433009C1D56 /* WZThirdPayMockViewController.m in Sources */ = {isa = PBXBuildFile; fileRef = 3BF205AC21DF6433009C1D56 /* WZThirdPayMockViewController.m */; };
		3BF6CE07223CE358003DFEBF /* WZCategoryTableViewController.m in Sources */ = {isa = PBXBuildFile; fileRef = 3BF6CDC2223CE358003DFEBF /* WZCategoryTableViewController.m */; };
		3BF6CE08223CE358003DFEBF /* WZActivitySearchingTableViewController.m in Sources */ = {isa = PBXBuildFile; fileRef = 3BF6CDC3223CE358003DFEBF /* WZActivitySearchingTableViewController.m */; };
		3BF6CE09223CE358003DFEBF /* WZActivityDetailTableViewController.m in Sources */ = {isa = PBXBuildFile; fileRef = 3BF6CDC4223CE358003DFEBF /* WZActivityDetailTableViewController.m */; };
		3BF6CE0A223CE358003DFEBF /* WZActivityViewController.m in Sources */ = {isa = PBXBuildFile; fileRef = 3BF6CDC5223CE358003DFEBF /* WZActivityViewController.m */; };
		3BF6CE0B223CE358003DFEBF /* WZActivityNavigationController.m in Sources */ = {isa = PBXBuildFile; fileRef = 3BF6CDCA223CE358003DFEBF /* WZActivityNavigationController.m */; };
		3BF6CE0C223CE358003DFEBF /* WZActivity.m in Sources */ = {isa = PBXBuildFile; fileRef = 3BF6CDCD223CE358003DFEBF /* WZActivity.m */; };
		3BF6CE0D223CE358003DFEBF /* WZActivityManager.m in Sources */ = {isa = PBXBuildFile; fileRef = 3BF6CDD0223CE358003DFEBF /* WZActivityManager.m */; };
		3BF6CE0E223CE358003DFEBF /* WZActivityTableViewCell.m in Sources */ = {isa = PBXBuildFile; fileRef = 3BF6CDD2223CE358003DFEBF /* WZActivityTableViewCell.m */; };
		3BF6CE0F223CE358003DFEBF /* WZActivityBaseTableView.m in Sources */ = {isa = PBXBuildFile; fileRef = 3BF6CDD3223CE358003DFEBF /* WZActivityBaseTableView.m */; };
		3BF6CE10223CE358003DFEBF /* WZActivitySubmitOrderButton.m in Sources */ = {isa = PBXBuildFile; fileRef = 3BF6CDD4223CE358003DFEBF /* WZActivitySubmitOrderButton.m */; };
		3BF6CE11223CE358003DFEBF /* WZActivityCollectionViewCell.m in Sources */ = {isa = PBXBuildFile; fileRef = 3BF6CDD6223CE358003DFEBF /* WZActivityCollectionViewCell.m */; };
		3BF6CE12223CE358003DFEBF /* WZActivityDetailImageCell.m in Sources */ = {isa = PBXBuildFile; fileRef = 3BF6CDD7223CE358003DFEBF /* WZActivityDetailImageCell.m */; };
		3BF6CE13223CE358003DFEBF /* WZActivityCategoryTableViewCell.m in Sources */ = {isa = PBXBuildFile; fileRef = 3BF6CDD8223CE358003DFEBF /* WZActivityCategoryTableViewCell.m */; };
		3BF6CE14223CE358003DFEBF /* UIView+DWQExtension.m in Sources */ = {isa = PBXBuildFile; fileRef = 3BF6CDDC223CE358003DFEBF /* UIView+DWQExtension.m */; };
		3BF6CE15223CE358003DFEBF /* FSSegmentTitleView.m in Sources */ = {isa = PBXBuildFile; fileRef = 3BF6CDDE223CE358003DFEBF /* FSSegmentTitleView.m */; };
		3BF6CE16223CE358003DFEBF /* DWQSelectAttributes.m in Sources */ = {isa = PBXBuildFile; fileRef = 3BF6CDE1223CE358003DFEBF /* DWQSelectAttributes.m */; };
		3BF6CE17223CE358003DFEBF /* DWQ-LOGO.jpeg in Resources */ = {isa = PBXBuildFile; fileRef = 3BF6CDE2223CE358003DFEBF /* DWQ-LOGO.jpeg */; };
		3BF6CE18223CE358003DFEBF /* 凯迪拉克.jpg in Resources */ = {isa = PBXBuildFile; fileRef = 3BF6CDE4223CE358003DFEBF /* 凯迪拉克.jpg */; };
		3BF6CE19223CE358003DFEBF /* 取消.png in Resources */ = {isa = PBXBuildFile; fileRef = 3BF6CDE5223CE358003DFEBF /* 取消.png */; };
		3BF6CE1A223CE358003DFEBF /* DWQSelectView.m in Sources */ = {isa = PBXBuildFile; fileRef = 3BF6CDE7223CE358003DFEBF /* DWQSelectView.m */; };
		3BF6CE1B223CE358003DFEBF /* FSPageContentView.m in Sources */ = {isa = PBXBuildFile; fileRef = 3BF6CDE8223CE358003DFEBF /* FSPageContentView.m */; };
		3BF6CE1C223CE358003DFEBF /* JFCityCollectionViewCell.m in Sources */ = {isa = PBXBuildFile; fileRef = 3BF6CDEB223CE358003DFEBF /* JFCityCollectionViewCell.m */; };
		3BF6CE1D223CE358003DFEBF /* JFLocation.m in Sources */ = {isa = PBXBuildFile; fileRef = 3BF6CDED223CE358003DFEBF /* JFLocation.m */; };
		3BF6CE1E223CE358003DFEBF /* JFAreaDataManager.m in Sources */ = {isa = PBXBuildFile; fileRef = 3BF6CDF1223CE358003DFEBF /* JFAreaDataManager.m */; };
		3BF6CE1F223CE358003DFEBF /* JFCityHeaderView.m in Sources */ = {isa = PBXBuildFile; fileRef = 3BF6CDF3223CE358003DFEBF /* JFCityHeaderView.m */; };
		3BF6CE20223CE358003DFEBF /* JFSearchView.m in Sources */ = {isa = PBXBuildFile; fileRef = 3BF6CDF4223CE358003DFEBF /* JFSearchView.m */; };
		3BF6CE21223CE358003DFEBF /* JFCityViewController.m in Sources */ = {isa = PBXBuildFile; fileRef = 3BF6CDF5223CE358003DFEBF /* JFCityViewController.m */; };
		3BF6CE22223CE358003DFEBF /* JFCityTableViewCell.m in Sources */ = {isa = PBXBuildFile; fileRef = 3BF6CDF6223CE358003DFEBF /* JFCityTableViewCell.m */; };
		3BF6CE23223CE358003DFEBF /* JFCityCollectionFlowLayout.m in Sources */ = {isa = PBXBuildFile; fileRef = 3BF6CDF7223CE358003DFEBF /* JFCityCollectionFlowLayout.m */; };
		3BF6CE24223CE358003DFEBF /* JFButton.m in Sources */ = {isa = PBXBuildFile; fileRef = 3BF6CDF9223CE358003DFEBF /* JFButton.m */; };
		3BF6CE25223CE358003DFEBF /* shop_area.sqlite in Resources */ = {isa = PBXBuildFile; fileRef = 3BF6CDFD223CE358003DFEBF /* shop_area.sqlite */; };
		3BF6CE26223CE358003DFEBF /* WZActivitySearchBarCell.m in Sources */ = {isa = PBXBuildFile; fileRef = 3BF6CE05223CE358003DFEBF /* WZActivitySearchBarCell.m */; };
		3BFC81CE222FA53800E20EA9 /* WZHTTPSessionManager.m in Sources */ = {isa = PBXBuildFile; fileRef = 3BFC81CD222FA53800E20EA9 /* WZHTTPSessionManager.m */; };
		4410F969BE01C12EE4B287EC /* libPods-WZYX-CustomerUITests.a in Frameworks */ = {isa = PBXBuildFile; fileRef = 516EA8A330BB1BB32C8A2FFB /* libPods-WZYX-CustomerUITests.a */; };
		55458D95B0F617FAEFF3F2F0 /* libPods-WZYX-CustomerTests.a in Frameworks */ = {isa = PBXBuildFile; fileRef = 1FB7CED8D7487397563EAAF2 /* libPods-WZYX-CustomerTests.a */; };
		CDDCAF79B2D05B4069998630 /* libPods-WZYX-Customer.a in Frameworks */ = {isa = PBXBuildFile; fileRef = 574557591493654341966A29 /* libPods-WZYX-Customer.a */; };
/* End PBXBuildFile section */

/* Begin PBXContainerItemProxy section */
		3B96DE3221A662A1007DC72B /* PBXContainerItemProxy */ = {
			isa = PBXContainerItemProxy;
			containerPortal = 3B96DE1121A662A0007DC72B /* Project object */;
			proxyType = 1;
			remoteGlobalIDString = 3B96DE1821A662A0007DC72B;
			remoteInfo = "WZYX-Customer";
		};
		3B96DE3D21A662A1007DC72B /* PBXContainerItemProxy */ = {
			isa = PBXContainerItemProxy;
			containerPortal = 3B96DE1121A662A0007DC72B /* Project object */;
			proxyType = 1;
			remoteGlobalIDString = 3B96DE1821A662A0007DC72B;
			remoteInfo = "WZYX-Customer";
		};
/* End PBXContainerItemProxy section */

/* Begin PBXFileReference section */
		1F188CD821AD5F0D00985A57 /* WZUserInfoManager.h */ = {isa = PBXFileReference; lastKnownFileType = sourcecode.c.h; path = WZUserInfoManager.h; sourceTree = "<group>"; };
		1F188CD921AD5F0D00985A57 /* WZUserInfoManager.m */ = {isa = PBXFileReference; lastKnownFileType = sourcecode.c.objc; path = WZUserInfoManager.m; sourceTree = "<group>"; };
		1F188CDB21AF93FF00985A57 /* WZSettingsTableViewController.h */ = {isa = PBXFileReference; lastKnownFileType = sourcecode.c.h; path = WZSettingsTableViewController.h; sourceTree = "<group>"; };
		1F188CDC21AF93FF00985A57 /* WZSettingsTableViewController.m */ = {isa = PBXFileReference; lastKnownFileType = sourcecode.c.objc; path = WZSettingsTableViewController.m; sourceTree = "<group>"; };
		1F188CDE21AF957B00985A57 /* WZCenterLabelTableViewCell.h */ = {isa = PBXFileReference; lastKnownFileType = sourcecode.c.h; path = WZCenterLabelTableViewCell.h; sourceTree = "<group>"; };
		1F188CDF21AF957B00985A57 /* WZCenterLabelTableViewCell.m */ = {isa = PBXFileReference; lastKnownFileType = sourcecode.c.objc; path = WZCenterLabelTableViewCell.m; sourceTree = "<group>"; };
		1F6E36B6224C9D8800FEEC49 /* WZActivityCommentTableViewController.h */ = {isa = PBXFileReference; lastKnownFileType = sourcecode.c.h; path = WZActivityCommentTableViewController.h; sourceTree = "<group>"; };
		1F6E36B7224C9D8800FEEC49 /* WZActivityCommentTableViewController.m */ = {isa = PBXFileReference; lastKnownFileType = sourcecode.c.objc; path = WZActivityCommentTableViewController.m; sourceTree = "<group>"; };
		1F6E36B9224CAC9000FEEC49 /* WZActivityRankView.h */ = {isa = PBXFileReference; lastKnownFileType = sourcecode.c.h; path = WZActivityRankView.h; sourceTree = "<group>"; };
		1F6E36BA224CAC9000FEEC49 /* WZActivityRankView.m */ = {isa = PBXFileReference; lastKnownFileType = sourcecode.c.objc; path = WZActivityRankView.m; sourceTree = "<group>"; };
		1FB7CED8D7487397563EAAF2 /* libPods-WZYX-CustomerTests.a */ = {isa = PBXFileReference; explicitFileType = archive.ar; includeInIndex = 0; path = "libPods-WZYX-CustomerTests.a"; sourceTree = BUILT_PRODUCTS_DIR; };
		1FC0185922478B1B00A25DF7 /* WZActivityAmountCell.h */ = {isa = PBXFileReference; lastKnownFileType = sourcecode.c.h; path = WZActivityAmountCell.h; sourceTree = "<group>"; };
		1FC0185A22478B1B00A25DF7 /* WZActivityAmountCell.m */ = {isa = PBXFileReference; lastKnownFileType = sourcecode.c.objc; path = WZActivityAmountCell.m; sourceTree = "<group>"; };
		1FFA340B21B2768C00CF8F54 /* WZUser.h */ = {isa = PBXFileReference; lastKnownFileType = sourcecode.c.h; path = WZUser.h; sourceTree = "<group>"; };
		1FFA340C21B2768C00CF8F54 /* WZUser.m */ = {isa = PBXFileReference; lastKnownFileType = sourcecode.c.objc; path = WZUser.m; sourceTree = "<group>"; };
		1FFB1918224C9BBF0047BFA6 /* WZActivityCommentCell.h */ = {isa = PBXFileReference; lastKnownFileType = sourcecode.c.h; path = WZActivityCommentCell.h; sourceTree = "<group>"; };
		1FFB1919224C9BBF0047BFA6 /* WZActivityCommentCell.m */ = {isa = PBXFileReference; lastKnownFileType = sourcecode.c.objc; path = WZActivityCommentCell.m; sourceTree = "<group>"; };
		30E8862241FC2CEC8D533B54 /* Pods-WZYX-CustomerUITests.debug.xcconfig */ = {isa = PBXFileReference; includeInIndex = 1; lastKnownFileType = text.xcconfig; name = "Pods-WZYX-CustomerUITests.debug.xcconfig"; path = "Pods/Target Support Files/Pods-WZYX-CustomerUITests/Pods-WZYX-CustomerUITests.debug.xcconfig"; sourceTree = "<group>"; };
		3B11DB14223D0DF300A99B61 /* WZDateAndTimeStampConverter.m */ = {isa = PBXFileReference; fileEncoding = 4; lastKnownFileType = sourcecode.c.objc; path = WZDateAndTimeStampConverter.m; sourceTree = "<group>"; };
		3B11DB15223D0DF300A99B61 /* WZDateAndTimeStampConverter.h */ = {isa = PBXFileReference; fileEncoding = 4; lastKnownFileType = sourcecode.c.h; path = WZDateAndTimeStampConverter.h; sourceTree = "<group>"; };
		3B11DB17223D0FCE00A99B61 /* iconfont.ttf */ = {isa = PBXFileReference; lastKnownFileType = file; path = iconfont.ttf; sourceTree = "<group>"; };
		3B11DB18223D118300A99B61 /* Assets.xcassets */ = {isa = PBXFileReference; lastKnownFileType = folder.assetcatalog; path = Assets.xcassets; sourceTree = "<group>"; };
		3B1258C921E4600500BFD388 /* WZStarLevelTableViewCell.h */ = {isa = PBXFileReference; lastKnownFileType = sourcecode.c.h; path = WZStarLevelTableViewCell.h; sourceTree = "<group>"; };
		3B1258CA21E4600500BFD388 /* WZStarLevelTableViewCell.m */ = {isa = PBXFileReference; lastKnownFileType = sourcecode.c.objc; path = WZStarLevelTableViewCell.m; sourceTree = "<group>"; };
		3B96DE1921A662A0007DC72B /* WZYX-Customer.app */ = {isa = PBXFileReference; explicitFileType = wrapper.application; includeInIndex = 0; path = "WZYX-Customer.app"; sourceTree = BUILT_PRODUCTS_DIR; };
		3B96DE1C21A662A0007DC72B /* AppDelegate.h */ = {isa = PBXFileReference; lastKnownFileType = sourcecode.c.h; path = AppDelegate.h; sourceTree = "<group>"; };
		3B96DE1D21A662A0007DC72B /* AppDelegate.m */ = {isa = PBXFileReference; lastKnownFileType = sourcecode.c.objc; path = AppDelegate.m; sourceTree = "<group>"; };
		3B96DE2821A662A1007DC72B /* Base */ = {isa = PBXFileReference; lastKnownFileType = file.storyboard; name = Base; path = Base.lproj/LaunchScreen.storyboard; sourceTree = "<group>"; };
		3B96DE2A21A662A1007DC72B /* Info.plist */ = {isa = PBXFileReference; lastKnownFileType = text.plist.xml; path = Info.plist; sourceTree = "<group>"; };
		3B96DE2B21A662A1007DC72B /* main.m */ = {isa = PBXFileReference; lastKnownFileType = sourcecode.c.objc; path = main.m; sourceTree = "<group>"; };
		3B96DE3121A662A1007DC72B /* WZYX-CustomerTests.xctest */ = {isa = PBXFileReference; explicitFileType = wrapper.cfbundle; includeInIndex = 0; path = "WZYX-CustomerTests.xctest"; sourceTree = BUILT_PRODUCTS_DIR; };
		3B96DE3521A662A1007DC72B /* WZYX_CustomerTests.m */ = {isa = PBXFileReference; lastKnownFileType = sourcecode.c.objc; path = WZYX_CustomerTests.m; sourceTree = "<group>"; };
		3B96DE3721A662A1007DC72B /* Info.plist */ = {isa = PBXFileReference; lastKnownFileType = text.plist.xml; path = Info.plist; sourceTree = "<group>"; };
		3B96DE3C21A662A1007DC72B /* WZYX-CustomerUITests.xctest */ = {isa = PBXFileReference; explicitFileType = wrapper.cfbundle; includeInIndex = 0; path = "WZYX-CustomerUITests.xctest"; sourceTree = BUILT_PRODUCTS_DIR; };
		3B96DE4021A662A1007DC72B /* WZYX_CustomerUITests.m */ = {isa = PBXFileReference; lastKnownFileType = sourcecode.c.objc; path = WZYX_CustomerUITests.m; sourceTree = "<group>"; };
		3B96DE4221A662A1007DC72B /* Info.plist */ = {isa = PBXFileReference; lastKnownFileType = text.plist.xml; path = Info.plist; sourceTree = "<group>"; };
		3B96DE8A21A6A630007DC72B /* WZLoginTableViewCell.h */ = {isa = PBXFileReference; lastKnownFileType = sourcecode.c.h; path = WZLoginTableViewCell.h; sourceTree = "<group>"; };
		3B96DE8B21A6A630007DC72B /* WZLoginTableViewCell.m */ = {isa = PBXFileReference; lastKnownFileType = sourcecode.c.objc; path = WZLoginTableViewCell.m; sourceTree = "<group>"; };
		3B96DE9121A6B6A2007DC72B /* WZLoginViewController.h */ = {isa = PBXFileReference; lastKnownFileType = sourcecode.c.h; path = WZLoginViewController.h; sourceTree = "<group>"; };
		3B96DE9221A6B6A2007DC72B /* WZLoginViewController.m */ = {isa = PBXFileReference; lastKnownFileType = sourcecode.c.objc; path = WZLoginViewController.m; sourceTree = "<group>"; };
		3B96DE9721A6DA42007DC72B /* WZRegisterViewController.h */ = {isa = PBXFileReference; lastKnownFileType = sourcecode.c.h; path = WZRegisterViewController.h; sourceTree = "<group>"; };
		3B96DE9821A6DA42007DC72B /* WZRegisterViewController.m */ = {isa = PBXFileReference; lastKnownFileType = sourcecode.c.objc; path = WZRegisterViewController.m; sourceTree = "<group>"; };
		3B96DE9D21A6E0DA007DC72B /* WZLoginTableView.h */ = {isa = PBXFileReference; lastKnownFileType = sourcecode.c.h; path = WZLoginTableView.h; sourceTree = "<group>"; };
		3B96DE9E21A6E0DA007DC72B /* WZLoginTableView.m */ = {isa = PBXFileReference; lastKnownFileType = sourcecode.c.objc; path = WZLoginTableView.m; sourceTree = "<group>"; };
		3B96DEA321A6E39B007DC72B /* WZLoginNavigationController.h */ = {isa = PBXFileReference; lastKnownFileType = sourcecode.c.h; path = WZLoginNavigationController.h; sourceTree = "<group>"; };
		3B96DEA421A6E39B007DC72B /* WZLoginNavigationController.m */ = {isa = PBXFileReference; lastKnownFileType = sourcecode.c.objc; path = WZLoginNavigationController.m; sourceTree = "<group>"; };
		3B96DEAC21A7E8B8007DC72B /* UIButton+WZCountDownButton.h */ = {isa = PBXFileReference; lastKnownFileType = sourcecode.c.h; path = "UIButton+WZCountDownButton.h"; sourceTree = "<group>"; };
		3B96DEAD21A7E8B8007DC72B /* UIButton+WZCountDownButton.m */ = {isa = PBXFileReference; lastKnownFileType = sourcecode.c.objc; path = "UIButton+WZCountDownButton.m"; sourceTree = "<group>"; };
		3B96DEB021A7FB27007DC72B /* WZDataFormatChecker.h */ = {isa = PBXFileReference; lastKnownFileType = sourcecode.c.h; path = WZDataFormatChecker.h; sourceTree = "<group>"; };
		3B96DEB121A7FB27007DC72B /* WZDataFormatChecker.m */ = {isa = PBXFileReference; lastKnownFileType = sourcecode.c.objc; path = WZDataFormatChecker.m; sourceTree = "<group>"; };
		3B96DEB421A94440007DC72B /* WZLogin.h */ = {isa = PBXFileReference; lastKnownFileType = sourcecode.c.h; path = WZLogin.h; sourceTree = "<group>"; };
		3B96DEB521A94440007DC72B /* WZLogin.m */ = {isa = PBXFileReference; lastKnownFileType = sourcecode.c.objc; path = WZLogin.m; sourceTree = "<group>"; };
		3B96DECC21AA94A5007DC72B /* WZResetPasswordViewController.h */ = {isa = PBXFileReference; lastKnownFileType = sourcecode.c.h; path = WZResetPasswordViewController.h; sourceTree = "<group>"; };
		3B96DECD21AA94A5007DC72B /* WZResetPasswordViewController.m */ = {isa = PBXFileReference; lastKnownFileType = sourcecode.c.objc; path = WZResetPasswordViewController.m; sourceTree = "<group>"; };
		3B96DECF21AA9553007DC72B /* WZModifyPasswordViewController.h */ = {isa = PBXFileReference; lastKnownFileType = sourcecode.c.h; path = WZModifyPasswordViewController.h; sourceTree = "<group>"; };
		3B96DED021AA9553007DC72B /* WZModifyPasswordViewController.m */ = {isa = PBXFileReference; lastKnownFileType = sourcecode.c.objc; path = WZModifyPasswordViewController.m; sourceTree = "<group>"; };
		3B96DEDD21AC07CC007DC72B /* WZMainTabBarController.h */ = {isa = PBXFileReference; lastKnownFileType = sourcecode.c.h; path = WZMainTabBarController.h; sourceTree = "<group>"; };
		3B96DEDE21AC07CC007DC72B /* WZMainTabBarController.m */ = {isa = PBXFileReference; lastKnownFileType = sourcecode.c.objc; path = WZMainTabBarController.m; sourceTree = "<group>"; };
		3B96DEE321AC09BE007DC72B /* WZMineNavigationController.h */ = {isa = PBXFileReference; lastKnownFileType = sourcecode.c.h; path = WZMineNavigationController.h; sourceTree = "<group>"; };
		3B96DEE421AC09BE007DC72B /* WZMineNavigationController.m */ = {isa = PBXFileReference; lastKnownFileType = sourcecode.c.objc; path = WZMineNavigationController.m; sourceTree = "<group>"; };
		3B96DEE621AC0B3A007DC72B /* WZMineTableViewController.m */ = {isa = PBXFileReference; fileEncoding = 4; lastKnownFileType = sourcecode.c.objc; path = WZMineTableViewController.m; sourceTree = "<group>"; };
		3B96DEE721AC0B3A007DC72B /* WZMineTableViewController.h */ = {isa = PBXFileReference; fileEncoding = 4; lastKnownFileType = sourcecode.c.h; path = WZMineTableViewController.h; sourceTree = "<group>"; };
		3B96DEEA21AC0DF7007DC72B /* WZUserPortraitTableViewCell.h */ = {isa = PBXFileReference; lastKnownFileType = sourcecode.c.h; path = WZUserPortraitTableViewCell.h; sourceTree = "<group>"; };
		3B96DEEB21AC0DF7007DC72B /* WZUserPortraitTableViewCell.m */ = {isa = PBXFileReference; lastKnownFileType = sourcecode.c.objc; path = WZUserPortraitTableViewCell.m; sourceTree = "<group>"; };
		3B96DEED21AC17C0007DC72B /* WZMyProfileTableViewController.m */ = {isa = PBXFileReference; fileEncoding = 4; lastKnownFileType = sourcecode.c.objc; path = WZMyProfileTableViewController.m; sourceTree = "<group>"; };
		3B96DEEE21AC17C0007DC72B /* WZMyProfileTableViewController.h */ = {isa = PBXFileReference; fileEncoding = 4; lastKnownFileType = sourcecode.c.h; path = WZMyProfileTableViewController.h; sourceTree = "<group>"; };
		3B96DEF021AC1D7D007DC72B /* WZNameTableViewController.h */ = {isa = PBXFileReference; fileEncoding = 4; lastKnownFileType = sourcecode.c.h; path = WZNameTableViewController.h; sourceTree = "<group>"; };
		3B96DEF121AC1D7D007DC72B /* WZNameTableViewController.m */ = {isa = PBXFileReference; fileEncoding = 4; lastKnownFileType = sourcecode.c.objc; path = WZNameTableViewController.m; sourceTree = "<group>"; };
		3B96DEF321AC22DD007DC72B /* WZTextFieldTableViewCell.h */ = {isa = PBXFileReference; lastKnownFileType = sourcecode.c.h; path = WZTextFieldTableViewCell.h; sourceTree = "<group>"; };
		3B96DEF421AC22DD007DC72B /* WZTextFieldTableViewCell.m */ = {isa = PBXFileReference; lastKnownFileType = sourcecode.c.objc; path = WZTextFieldTableViewCell.m; sourceTree = "<group>"; };
		3B96DEF621AC251B007DC72B /* WZGenderTableViewController.h */ = {isa = PBXFileReference; fileEncoding = 4; lastKnownFileType = sourcecode.c.h; path = WZGenderTableViewController.h; sourceTree = "<group>"; };
		3B96DEF721AC251B007DC72B /* WZGenderTableViewController.m */ = {isa = PBXFileReference; fileEncoding = 4; lastKnownFileType = sourcecode.c.objc; path = WZGenderTableViewController.m; sourceTree = "<group>"; };
		3B96DEF921AC270A007DC72B /* WZAvatarViewController.m */ = {isa = PBXFileReference; fileEncoding = 4; lastKnownFileType = sourcecode.c.objc; path = WZAvatarViewController.m; sourceTree = "<group>"; };
		3B96DEFA21AC270A007DC72B /* WZAvatarViewController.h */ = {isa = PBXFileReference; fileEncoding = 4; lastKnownFileType = sourcecode.c.h; path = WZAvatarViewController.h; sourceTree = "<group>"; };
		3B96DF0121AC289A007DC72B /* WZCityInfo.m */ = {isa = PBXFileReference; fileEncoding = 4; lastKnownFileType = sourcecode.c.objc; path = WZCityInfo.m; sourceTree = "<group>"; };
		3B96DF0221AC289A007DC72B /* WZCityInfo.h */ = {isa = PBXFileReference; fileEncoding = 4; lastKnownFileType = sourcecode.c.h; path = WZCityInfo.h; sourceTree = "<group>"; };
		3B96DF0421AC2A5A007DC72B /* cities.plist */ = {isa = PBXFileReference; fileEncoding = 4; lastKnownFileType = text.plist.xml; path = cities.plist; sourceTree = "<group>"; };
		3B96DF0621AC3ED9007DC72B /* WZSubmitButtonTableViewCell.h */ = {isa = PBXFileReference; lastKnownFileType = sourcecode.c.h; path = WZSubmitButtonTableViewCell.h; sourceTree = "<group>"; };
		3B96DF0721AC3ED9007DC72B /* WZSubmitButtonTableViewCell.m */ = {isa = PBXFileReference; lastKnownFileType = sourcecode.c.objc; path = WZSubmitButtonTableViewCell.m; sourceTree = "<group>"; };
		3B96DF5A21B0F080007DC72B /* WZOrder.h */ = {isa = PBXFileReference; lastKnownFileType = sourcecode.c.h; path = WZOrder.h; sourceTree = "<group>"; };
		3B96DF5B21B0F080007DC72B /* WZOrder.m */ = {isa = PBXFileReference; lastKnownFileType = sourcecode.c.objc; path = WZOrder.m; sourceTree = "<group>"; };
		3B96DF5D21B0FB36007DC72B /* WZOrderTableViewCell.h */ = {isa = PBXFileReference; lastKnownFileType = sourcecode.c.h; path = WZOrderTableViewCell.h; sourceTree = "<group>"; };
		3B96DF5E21B0FB36007DC72B /* WZOrderTableViewCell.m */ = {isa = PBXFileReference; lastKnownFileType = sourcecode.c.objc; path = WZOrderTableViewCell.m; sourceTree = "<group>"; };
		3B96DF6021B10205007DC72B /* WZOrderNavigationController.h */ = {isa = PBXFileReference; lastKnownFileType = sourcecode.c.h; path = WZOrderNavigationController.h; sourceTree = "<group>"; };
		3B96DF6121B10205007DC72B /* WZOrderNavigationController.m */ = {isa = PBXFileReference; lastKnownFileType = sourcecode.c.objc; path = WZOrderNavigationController.m; sourceTree = "<group>"; };
		3B96DF6321B10DD4007DC72B /* WZBaseScrollViewController.h */ = {isa = PBXFileReference; lastKnownFileType = sourcecode.c.h; path = WZBaseScrollViewController.h; sourceTree = "<group>"; };
		3B96DF6421B10DD4007DC72B /* WZBaseScrollViewController.m */ = {isa = PBXFileReference; lastKnownFileType = sourcecode.c.objc; path = WZBaseScrollViewController.m; sourceTree = "<group>"; };
		3B96DF6621B11C6A007DC72B /* WZOrderListTableViewController.h */ = {isa = PBXFileReference; lastKnownFileType = sourcecode.c.h; path = WZOrderListTableViewController.h; sourceTree = "<group>"; };
		3B96DF6721B11C6A007DC72B /* WZOrderListTableViewController.m */ = {isa = PBXFileReference; lastKnownFileType = sourcecode.c.objc; path = WZOrderListTableViewController.m; sourceTree = "<group>"; };
		3BB4ECD721E1A76500E84669 /* WZDateStringConverter.h */ = {isa = PBXFileReference; lastKnownFileType = sourcecode.c.h; path = WZDateStringConverter.h; sourceTree = "<group>"; };
		3BB4ECD821E1A76500E84669 /* WZDateStringConverter.m */ = {isa = PBXFileReference; lastKnownFileType = sourcecode.c.objc; path = WZDateStringConverter.m; sourceTree = "<group>"; };
		3BB4ECDA21E1A9CB00E84669 /* WZRandomStringGenerator.h */ = {isa = PBXFileReference; lastKnownFileType = sourcecode.c.h; path = WZRandomStringGenerator.h; sourceTree = "<group>"; };
		3BB4ECDB21E1A9CB00E84669 /* WZRandomStringGenerator.m */ = {isa = PBXFileReference; lastKnownFileType = sourcecode.c.objc; path = WZRandomStringGenerator.m; sourceTree = "<group>"; };
		3BB4ECDD21E2F22200E84669 /* WZNoContentView.h */ = {isa = PBXFileReference; lastKnownFileType = sourcecode.c.h; path = WZNoContentView.h; sourceTree = "<group>"; };
		3BB4ECDE21E2F22200E84669 /* WZNoContentView.m */ = {isa = PBXFileReference; lastKnownFileType = sourcecode.c.objc; path = WZNoContentView.m; sourceTree = "<group>"; };
		3BB4ECE621E324A800E84669 /* WZCommentTableViewController.h */ = {isa = PBXFileReference; lastKnownFileType = sourcecode.c.h; path = WZCommentTableViewController.h; sourceTree = "<group>"; };
		3BB4ECE721E324A800E84669 /* WZCommentTableViewController.m */ = {isa = PBXFileReference; lastKnownFileType = sourcecode.c.objc; path = WZCommentTableViewController.m; sourceTree = "<group>"; };
		3BB4ECE921E327C500E84669 /* WZOrderTitleTableViewCell.h */ = {isa = PBXFileReference; lastKnownFileType = sourcecode.c.h; path = WZOrderTitleTableViewCell.h; sourceTree = "<group>"; };
		3BB4ECEA21E327C500E84669 /* WZOrderTitleTableViewCell.m */ = {isa = PBXFileReference; lastKnownFileType = sourcecode.c.objc; path = WZOrderTitleTableViewCell.m; sourceTree = "<group>"; };
		3BB4ECEC21E32D2100E84669 /* WZCommentInputTableViewCell.h */ = {isa = PBXFileReference; lastKnownFileType = sourcecode.c.h; path = WZCommentInputTableViewCell.h; sourceTree = "<group>"; };
		3BB4ECED21E32D2100E84669 /* WZCommentInputTableViewCell.m */ = {isa = PBXFileReference; lastKnownFileType = sourcecode.c.objc; path = WZCommentInputTableViewCell.m; sourceTree = "<group>"; };
		3BC20C7E21BB9873002A31EC /* WZObjectDictionaryConverter.h */ = {isa = PBXFileReference; lastKnownFileType = sourcecode.c.h; path = WZObjectDictionaryConverter.h; sourceTree = "<group>"; };
		3BC20C7F21BB9873002A31EC /* WZObjectDictionaryConverter.m */ = {isa = PBXFileReference; lastKnownFileType = sourcecode.c.objc; path = WZObjectDictionaryConverter.m; sourceTree = "<group>"; };
		3BC20C8121BE02BA002A31EC /* WZOrderActionTableViewCell.h */ = {isa = PBXFileReference; lastKnownFileType = sourcecode.c.h; path = WZOrderActionTableViewCell.h; sourceTree = "<group>"; };
		3BC20C8221BE02BA002A31EC /* WZOrderActionTableViewCell.m */ = {isa = PBXFileReference; lastKnownFileType = sourcecode.c.objc; path = WZOrderActionTableViewCell.m; sourceTree = "<group>"; };
		3BC20C8421BE359F002A31EC /* WZOrderDetailTableViewController.h */ = {isa = PBXFileReference; lastKnownFileType = sourcecode.c.h; path = WZOrderDetailTableViewController.h; sourceTree = "<group>"; };
		3BC20C8521BE359F002A31EC /* WZOrderDetailTableViewController.m */ = {isa = PBXFileReference; lastKnownFileType = sourcecode.c.objc; path = WZOrderDetailTableViewController.m; sourceTree = "<group>"; };
		3BC20C8721BE3C75002A31EC /* WZOrderStateTableViewCell.h */ = {isa = PBXFileReference; lastKnownFileType = sourcecode.c.h; path = WZOrderStateTableViewCell.h; sourceTree = "<group>"; };
		3BC20C8821BE3C75002A31EC /* WZOrderStateTableViewCell.m */ = {isa = PBXFileReference; lastKnownFileType = sourcecode.c.objc; path = WZOrderStateTableViewCell.m; sourceTree = "<group>"; };
		3BC20C8A21BE42C8002A31EC /* WZOrderPriceTableViewCell.h */ = {isa = PBXFileReference; lastKnownFileType = sourcecode.c.h; path = WZOrderPriceTableViewCell.h; sourceTree = "<group>"; };
		3BC20C8B21BE42C8002A31EC /* WZOrderPriceTableViewCell.m */ = {isa = PBXFileReference; lastKnownFileType = sourcecode.c.objc; path = WZOrderPriceTableViewCell.m; sourceTree = "<group>"; };
		3BC20C8D21BE4B0B002A31EC /* WZOrderInfoTableViewCell.h */ = {isa = PBXFileReference; lastKnownFileType = sourcecode.c.h; path = WZOrderInfoTableViewCell.h; sourceTree = "<group>"; };
		3BC20C8E21BE4B0B002A31EC /* WZOrderInfoTableViewCell.m */ = {isa = PBXFileReference; lastKnownFileType = sourcecode.c.objc; path = WZOrderInfoTableViewCell.m; sourceTree = "<group>"; };
		3BC20C9021BF9302002A31EC /* WZCertificationViewController.h */ = {isa = PBXFileReference; lastKnownFileType = sourcecode.c.h; path = WZCertificationViewController.h; sourceTree = "<group>"; };
		3BC20C9121BF9302002A31EC /* WZCertificationViewController.m */ = {isa = PBXFileReference; lastKnownFileType = sourcecode.c.objc; path = WZCertificationViewController.m; sourceTree = "<group>"; };
		3BF2059C21DF2D03009C1D56 /* WZPayTableViewController.h */ = {isa = PBXFileReference; lastKnownFileType = sourcecode.c.h; path = WZPayTableViewController.h; sourceTree = "<group>"; };
		3BF2059D21DF2D03009C1D56 /* WZPayTableViewController.m */ = {isa = PBXFileReference; lastKnownFileType = sourcecode.c.objc; path = WZPayTableViewController.m; sourceTree = "<group>"; };
		3BF205A521DF37DB009C1D56 /* WZPayMethodTableViewCell.h */ = {isa = PBXFileReference; lastKnownFileType = sourcecode.c.h; path = WZPayMethodTableViewCell.h; sourceTree = "<group>"; };
		3BF205A621DF37DB009C1D56 /* WZPayMethodTableViewCell.m */ = {isa = PBXFileReference; lastKnownFileType = sourcecode.c.objc; path = WZPayMethodTableViewCell.m; sourceTree = "<group>"; };
		3BF205A821DF55ED009C1D56 /* WZSubmitButtonView.h */ = {isa = PBXFileReference; lastKnownFileType = sourcecode.c.h; path = WZSubmitButtonView.h; sourceTree = "<group>"; };
		3BF205A921DF55ED009C1D56 /* WZSubmitButtonView.m */ = {isa = PBXFileReference; lastKnownFileType = sourcecode.c.objc; path = WZSubmitButtonView.m; sourceTree = "<group>"; };
		3BF205AB21DF6433009C1D56 /* WZThirdPayMockViewController.h */ = {isa = PBXFileReference; lastKnownFileType = sourcecode.c.h; path = WZThirdPayMockViewController.h; sourceTree = "<group>"; };
		3BF205AC21DF6433009C1D56 /* WZThirdPayMockViewController.m */ = {isa = PBXFileReference; lastKnownFileType = sourcecode.c.objc; path = WZThirdPayMockViewController.m; sourceTree = "<group>"; };
		3BF6CDC2223CE358003DFEBF /* WZCategoryTableViewController.m */ = {isa = PBXFileReference; fileEncoding = 4; lastKnownFileType = sourcecode.c.objc; path = WZCategoryTableViewController.m; sourceTree = "<group>"; };
		3BF6CDC3223CE358003DFEBF /* WZActivitySearchingTableViewController.m */ = {isa = PBXFileReference; fileEncoding = 4; lastKnownFileType = sourcecode.c.objc; path = WZActivitySearchingTableViewController.m; sourceTree = "<group>"; };
		3BF6CDC4223CE358003DFEBF /* WZActivityDetailTableViewController.m */ = {isa = PBXFileReference; fileEncoding = 4; lastKnownFileType = sourcecode.c.objc; path = WZActivityDetailTableViewController.m; sourceTree = "<group>"; };
		3BF6CDC5223CE358003DFEBF /* WZActivityViewController.m */ = {isa = PBXFileReference; fileEncoding = 4; lastKnownFileType = sourcecode.c.objc; path = WZActivityViewController.m; sourceTree = "<group>"; };
		3BF6CDC6223CE358003DFEBF /* WZActivityNavigationController.h */ = {isa = PBXFileReference; fileEncoding = 4; lastKnownFileType = sourcecode.c.h; path = WZActivityNavigationController.h; sourceTree = "<group>"; };
		3BF6CDC7223CE358003DFEBF /* WZCategoryTableViewController.h */ = {isa = PBXFileReference; fileEncoding = 4; lastKnownFileType = sourcecode.c.h; path = WZCategoryTableViewController.h; sourceTree = "<group>"; };
		3BF6CDC8223CE358003DFEBF /* WZActivitySearchingTableViewController.h */ = {isa = PBXFileReference; fileEncoding = 4; lastKnownFileType = sourcecode.c.h; path = WZActivitySearchingTableViewController.h; sourceTree = "<group>"; };
		3BF6CDC9223CE358003DFEBF /* WZActivityDetailTableViewController.h */ = {isa = PBXFileReference; fileEncoding = 4; lastKnownFileType = sourcecode.c.h; path = WZActivityDetailTableViewController.h; sourceTree = "<group>"; };
		3BF6CDCA223CE358003DFEBF /* WZActivityNavigationController.m */ = {isa = PBXFileReference; fileEncoding = 4; lastKnownFileType = sourcecode.c.objc; path = WZActivityNavigationController.m; sourceTree = "<group>"; };
		3BF6CDCB223CE358003DFEBF /* WZActivityViewController.h */ = {isa = PBXFileReference; fileEncoding = 4; lastKnownFileType = sourcecode.c.h; path = WZActivityViewController.h; sourceTree = "<group>"; };
		3BF6CDCD223CE358003DFEBF /* WZActivity.m */ = {isa = PBXFileReference; fileEncoding = 4; lastKnownFileType = sourcecode.c.objc; path = WZActivity.m; sourceTree = "<group>"; };
		3BF6CDCE223CE358003DFEBF /* WZActivityManager.h */ = {isa = PBXFileReference; fileEncoding = 4; lastKnownFileType = sourcecode.c.h; path = WZActivityManager.h; sourceTree = "<group>"; };
		3BF6CDCF223CE358003DFEBF /* WZActivity.h */ = {isa = PBXFileReference; fileEncoding = 4; lastKnownFileType = sourcecode.c.h; path = WZActivity.h; sourceTree = "<group>"; };
		3BF6CDD0223CE358003DFEBF /* WZActivityManager.m */ = {isa = PBXFileReference; fileEncoding = 4; lastKnownFileType = sourcecode.c.objc; path = WZActivityManager.m; sourceTree = "<group>"; };
		3BF6CDD2223CE358003DFEBF /* WZActivityTableViewCell.m */ = {isa = PBXFileReference; fileEncoding = 4; lastKnownFileType = sourcecode.c.objc; path = WZActivityTableViewCell.m; sourceTree = "<group>"; };
		3BF6CDD3223CE358003DFEBF /* WZActivityBaseTableView.m */ = {isa = PBXFileReference; fileEncoding = 4; lastKnownFileType = sourcecode.c.objc; path = WZActivityBaseTableView.m; sourceTree = "<group>"; };
		3BF6CDD4223CE358003DFEBF /* WZActivitySubmitOrderButton.m */ = {isa = PBXFileReference; fileEncoding = 4; lastKnownFileType = sourcecode.c.objc; path = WZActivitySubmitOrderButton.m; sourceTree = "<group>"; };
		3BF6CDD5223CE358003DFEBF /* WZActivitySearchBarCell.h */ = {isa = PBXFileReference; fileEncoding = 4; lastKnownFileType = sourcecode.c.h; path = WZActivitySearchBarCell.h; sourceTree = "<group>"; };
		3BF6CDD6223CE358003DFEBF /* WZActivityCollectionViewCell.m */ = {isa = PBXFileReference; fileEncoding = 4; lastKnownFileType = sourcecode.c.objc; path = WZActivityCollectionViewCell.m; sourceTree = "<group>"; };
		3BF6CDD7223CE358003DFEBF /* WZActivityDetailImageCell.m */ = {isa = PBXFileReference; fileEncoding = 4; lastKnownFileType = sourcecode.c.objc; path = WZActivityDetailImageCell.m; sourceTree = "<group>"; };
		3BF6CDD8223CE358003DFEBF /* WZActivityCategoryTableViewCell.m */ = {isa = PBXFileReference; fileEncoding = 4; lastKnownFileType = sourcecode.c.objc; path = WZActivityCategoryTableViewCell.m; sourceTree = "<group>"; };
		3BF6CDD9223CE358003DFEBF /* WZActivityTableViewCell.h */ = {isa = PBXFileReference; fileEncoding = 4; lastKnownFileType = sourcecode.c.h; path = WZActivityTableViewCell.h; sourceTree = "<group>"; };
		3BF6CDDC223CE358003DFEBF /* UIView+DWQExtension.m */ = {isa = PBXFileReference; fileEncoding = 4; lastKnownFileType = sourcecode.c.objc; path = "UIView+DWQExtension.m"; sourceTree = "<group>"; };
		3BF6CDDD223CE358003DFEBF /* UIView+DWQExtension.h */ = {isa = PBXFileReference; fileEncoding = 4; lastKnownFileType = sourcecode.c.h; path = "UIView+DWQExtension.h"; sourceTree = "<group>"; };
		3BF6CDDE223CE358003DFEBF /* FSSegmentTitleView.m */ = {isa = PBXFileReference; fileEncoding = 4; lastKnownFileType = sourcecode.c.objc; path = FSSegmentTitleView.m; sourceTree = "<group>"; };
		3BF6CDDF223CE358003DFEBF /* FSPageContentView.h */ = {isa = PBXFileReference; fileEncoding = 4; lastKnownFileType = sourcecode.c.h; path = FSPageContentView.h; sourceTree = "<group>"; };
		3BF6CDE1223CE358003DFEBF /* DWQSelectAttributes.m */ = {isa = PBXFileReference; fileEncoding = 4; lastKnownFileType = sourcecode.c.objc; path = DWQSelectAttributes.m; sourceTree = "<group>"; };
		3BF6CDE2223CE358003DFEBF /* DWQ-LOGO.jpeg */ = {isa = PBXFileReference; lastKnownFileType = image.jpeg; path = "DWQ-LOGO.jpeg"; sourceTree = "<group>"; };
		3BF6CDE3223CE358003DFEBF /* DWQSelectView.h */ = {isa = PBXFileReference; fileEncoding = 4; lastKnownFileType = sourcecode.c.h; path = DWQSelectView.h; sourceTree = "<group>"; };
		3BF6CDE4223CE358003DFEBF /* 凯迪拉克.jpg */ = {isa = PBXFileReference; lastKnownFileType = image.jpeg; path = "凯迪拉克.jpg"; sourceTree = "<group>"; };
		3BF6CDE5223CE358003DFEBF /* 取消.png */ = {isa = PBXFileReference; lastKnownFileType = image.png; path = "取消.png"; sourceTree = "<group>"; };
		3BF6CDE6223CE358003DFEBF /* DWQSelectAttributes.h */ = {isa = PBXFileReference; fileEncoding = 4; lastKnownFileType = sourcecode.c.h; path = DWQSelectAttributes.h; sourceTree = "<group>"; };
		3BF6CDE7223CE358003DFEBF /* DWQSelectView.m */ = {isa = PBXFileReference; fileEncoding = 4; lastKnownFileType = sourcecode.c.objc; path = DWQSelectView.m; sourceTree = "<group>"; };
		3BF6CDE8223CE358003DFEBF /* FSPageContentView.m */ = {isa = PBXFileReference; fileEncoding = 4; lastKnownFileType = sourcecode.c.objc; path = FSPageContentView.m; sourceTree = "<group>"; };
		3BF6CDEA223CE358003DFEBF /* JFCityCollectionFlowLayout.h */ = {isa = PBXFileReference; fileEncoding = 4; lastKnownFileType = sourcecode.c.h; path = JFCityCollectionFlowLayout.h; sourceTree = "<group>"; };
		3BF6CDEB223CE358003DFEBF /* JFCityCollectionViewCell.m */ = {isa = PBXFileReference; fileEncoding = 4; lastKnownFileType = sourcecode.c.objc; path = JFCityCollectionViewCell.m; sourceTree = "<group>"; };
		3BF6CDED223CE358003DFEBF /* JFLocation.m */ = {isa = PBXFileReference; fileEncoding = 4; lastKnownFileType = sourcecode.c.objc; path = JFLocation.m; sourceTree = "<group>"; };
		3BF6CDEE223CE358003DFEBF /* JFLocation.h */ = {isa = PBXFileReference; fileEncoding = 4; lastKnownFileType = sourcecode.c.h; path = JFLocation.h; sourceTree = "<group>"; };
		3BF6CDF0223CE358003DFEBF /* JFAreaDataManager.h */ = {isa = PBXFileReference; fileEncoding = 4; lastKnownFileType = sourcecode.c.h; path = JFAreaDataManager.h; sourceTree = "<group>"; };
		3BF6CDF1223CE358003DFEBF /* JFAreaDataManager.m */ = {isa = PBXFileReference; fileEncoding = 4; lastKnownFileType = sourcecode.c.objc; path = JFAreaDataManager.m; sourceTree = "<group>"; };
		3BF6CDF2223CE358003DFEBF /* JFButton.h */ = {isa = PBXFileReference; fileEncoding = 4; lastKnownFileType = sourcecode.c.h; path = JFButton.h; sourceTree = "<group>"; };
		3BF6CDF3223CE358003DFEBF /* JFCityHeaderView.m */ = {isa = PBXFileReference; fileEncoding = 4; lastKnownFileType = sourcecode.c.objc; path = JFCityHeaderView.m; sourceTree = "<group>"; };
		3BF6CDF4223CE358003DFEBF /* JFSearchView.m */ = {isa = PBXFileReference; fileEncoding = 4; lastKnownFileType = sourcecode.c.objc; path = JFSearchView.m; sourceTree = "<group>"; };
		3BF6CDF5223CE358003DFEBF /* JFCityViewController.m */ = {isa = PBXFileReference; fileEncoding = 4; lastKnownFileType = sourcecode.c.objc; path = JFCityViewController.m; sourceTree = "<group>"; };
		3BF6CDF6223CE358003DFEBF /* JFCityTableViewCell.m */ = {isa = PBXFileReference; fileEncoding = 4; lastKnownFileType = sourcecode.c.objc; path = JFCityTableViewCell.m; sourceTree = "<group>"; };
		3BF6CDF7223CE358003DFEBF /* JFCityCollectionFlowLayout.m */ = {isa = PBXFileReference; fileEncoding = 4; lastKnownFileType = sourcecode.c.objc; path = JFCityCollectionFlowLayout.m; sourceTree = "<group>"; };
		3BF6CDF8223CE358003DFEBF /* JFCityCollectionViewCell.h */ = {isa = PBXFileReference; fileEncoding = 4; lastKnownFileType = sourcecode.c.h; path = JFCityCollectionViewCell.h; sourceTree = "<group>"; };
		3BF6CDF9223CE358003DFEBF /* JFButton.m */ = {isa = PBXFileReference; fileEncoding = 4; lastKnownFileType = sourcecode.c.objc; path = JFButton.m; sourceTree = "<group>"; };
		3BF6CDFA223CE358003DFEBF /* JFCityViewController.h */ = {isa = PBXFileReference; fileEncoding = 4; lastKnownFileType = sourcecode.c.h; path = JFCityViewController.h; sourceTree = "<group>"; };
		3BF6CDFB223CE358003DFEBF /* JFCityTableViewCell.h */ = {isa = PBXFileReference; fileEncoding = 4; lastKnownFileType = sourcecode.c.h; path = JFCityTableViewCell.h; sourceTree = "<group>"; };
		3BF6CDFD223CE358003DFEBF /* shop_area.sqlite */ = {isa = PBXFileReference; lastKnownFileType = file; path = shop_area.sqlite; sourceTree = "<group>"; };
		3BF6CDFE223CE358003DFEBF /* JFSearchView.h */ = {isa = PBXFileReference; fileEncoding = 4; lastKnownFileType = sourcecode.c.h; path = JFSearchView.h; sourceTree = "<group>"; };
		3BF6CDFF223CE358003DFEBF /* JFCityHeaderView.h */ = {isa = PBXFileReference; fileEncoding = 4; lastKnownFileType = sourcecode.c.h; path = JFCityHeaderView.h; sourceTree = "<group>"; };
		3BF6CE00223CE358003DFEBF /* FSSegmentTitleView.h */ = {isa = PBXFileReference; fileEncoding = 4; lastKnownFileType = sourcecode.c.h; path = FSSegmentTitleView.h; sourceTree = "<group>"; };
		3BF6CE01223CE358003DFEBF /* WZActivityBaseTableView.h */ = {isa = PBXFileReference; fileEncoding = 4; lastKnownFileType = sourcecode.c.h; path = WZActivityBaseTableView.h; sourceTree = "<group>"; };
		3BF6CE02223CE358003DFEBF /* WZActivityDetailImageCell.h */ = {isa = PBXFileReference; fileEncoding = 4; lastKnownFileType = sourcecode.c.h; path = WZActivityDetailImageCell.h; sourceTree = "<group>"; };
		3BF6CE03223CE358003DFEBF /* WZActivityCategoryTableViewCell.h */ = {isa = PBXFileReference; fileEncoding = 4; lastKnownFileType = sourcecode.c.h; path = WZActivityCategoryTableViewCell.h; sourceTree = "<group>"; };
		3BF6CE04223CE358003DFEBF /* WZActivityCollectionViewCell.h */ = {isa = PBXFileReference; fileEncoding = 4; lastKnownFileType = sourcecode.c.h; path = WZActivityCollectionViewCell.h; sourceTree = "<group>"; };
		3BF6CE05223CE358003DFEBF /* WZActivitySearchBarCell.m */ = {isa = PBXFileReference; fileEncoding = 4; lastKnownFileType = sourcecode.c.objc; path = WZActivitySearchBarCell.m; sourceTree = "<group>"; };
		3BF6CE06223CE358003DFEBF /* WZActivitySubmitOrderButton.h */ = {isa = PBXFileReference; fileEncoding = 4; lastKnownFileType = sourcecode.c.h; path = WZActivitySubmitOrderButton.h; sourceTree = "<group>"; };
		3BFC81CC222FA53800E20EA9 /* WZHTTPSessionManager.h */ = {isa = PBXFileReference; lastKnownFileType = sourcecode.c.h; path = WZHTTPSessionManager.h; sourceTree = "<group>"; };
		3BFC81CD222FA53800E20EA9 /* WZHTTPSessionManager.m */ = {isa = PBXFileReference; lastKnownFileType = sourcecode.c.objc; path = WZHTTPSessionManager.m; sourceTree = "<group>"; };
		516EA8A330BB1BB32C8A2FFB /* libPods-WZYX-CustomerUITests.a */ = {isa = PBXFileReference; explicitFileType = archive.ar; includeInIndex = 0; path = "libPods-WZYX-CustomerUITests.a"; sourceTree = BUILT_PRODUCTS_DIR; };
		528167EA6683A41A180B57B0 /* Pods-WZYX-Customer.release.xcconfig */ = {isa = PBXFileReference; includeInIndex = 1; lastKnownFileType = text.xcconfig; name = "Pods-WZYX-Customer.release.xcconfig"; path = "Pods/Target Support Files/Pods-WZYX-Customer/Pods-WZYX-Customer.release.xcconfig"; sourceTree = "<group>"; };
		574557591493654341966A29 /* libPods-WZYX-Customer.a */ = {isa = PBXFileReference; explicitFileType = archive.ar; includeInIndex = 0; path = "libPods-WZYX-Customer.a"; sourceTree = BUILT_PRODUCTS_DIR; };
		5E380F36AD565DD665781C5D /* Pods-WZYX-CustomerTests.debug.xcconfig */ = {isa = PBXFileReference; includeInIndex = 1; lastKnownFileType = text.xcconfig; name = "Pods-WZYX-CustomerTests.debug.xcconfig"; path = "Pods/Target Support Files/Pods-WZYX-CustomerTests/Pods-WZYX-CustomerTests.debug.xcconfig"; sourceTree = "<group>"; };
		96A8348338BD5C23D5F55BFD /* Pods-WZYX-CustomerTests.release.xcconfig */ = {isa = PBXFileReference; includeInIndex = 1; lastKnownFileType = text.xcconfig; name = "Pods-WZYX-CustomerTests.release.xcconfig"; path = "Pods/Target Support Files/Pods-WZYX-CustomerTests/Pods-WZYX-CustomerTests.release.xcconfig"; sourceTree = "<group>"; };
		A77D0A73DB6714918701E1FB /* Pods-WZYX-Customer.debug.xcconfig */ = {isa = PBXFileReference; includeInIndex = 1; lastKnownFileType = text.xcconfig; name = "Pods-WZYX-Customer.debug.xcconfig"; path = "Pods/Target Support Files/Pods-WZYX-Customer/Pods-WZYX-Customer.debug.xcconfig"; sourceTree = "<group>"; };
		B37D9404D650D33414637002 /* Pods-WZYX-CustomerUITests.release.xcconfig */ = {isa = PBXFileReference; includeInIndex = 1; lastKnownFileType = text.xcconfig; name = "Pods-WZYX-CustomerUITests.release.xcconfig"; path = "Pods/Target Support Files/Pods-WZYX-CustomerUITests/Pods-WZYX-CustomerUITests.release.xcconfig"; sourceTree = "<group>"; };
/* End PBXFileReference section */

/* Begin PBXFrameworksBuildPhase section */
		3B96DE1621A662A0007DC72B /* Frameworks */ = {
			isa = PBXFrameworksBuildPhase;
			buildActionMask = 2147483647;
			files = (
				CDDCAF79B2D05B4069998630 /* libPods-WZYX-Customer.a in Frameworks */,
			);
			runOnlyForDeploymentPostprocessing = 0;
		};
		3B96DE2E21A662A1007DC72B /* Frameworks */ = {
			isa = PBXFrameworksBuildPhase;
			buildActionMask = 2147483647;
			files = (
				55458D95B0F617FAEFF3F2F0 /* libPods-WZYX-CustomerTests.a in Frameworks */,
			);
			runOnlyForDeploymentPostprocessing = 0;
		};
		3B96DE3921A662A1007DC72B /* Frameworks */ = {
			isa = PBXFrameworksBuildPhase;
			buildActionMask = 2147483647;
			files = (
				4410F969BE01C12EE4B287EC /* libPods-WZYX-CustomerUITests.a in Frameworks */,
			);
			runOnlyForDeploymentPostprocessing = 0;
		};
/* End PBXFrameworksBuildPhase section */

/* Begin PBXGroup section */
		2AFE1139CD29D5C0EF37FDDD /* Pods */ = {
			isa = PBXGroup;
			children = (
				A77D0A73DB6714918701E1FB /* Pods-WZYX-Customer.debug.xcconfig */,
				528167EA6683A41A180B57B0 /* Pods-WZYX-Customer.release.xcconfig */,
				5E380F36AD565DD665781C5D /* Pods-WZYX-CustomerTests.debug.xcconfig */,
				96A8348338BD5C23D5F55BFD /* Pods-WZYX-CustomerTests.release.xcconfig */,
				30E8862241FC2CEC8D533B54 /* Pods-WZYX-CustomerUITests.debug.xcconfig */,
				B37D9404D650D33414637002 /* Pods-WZYX-CustomerUITests.release.xcconfig */,
			);
			name = Pods;
			sourceTree = "<group>";
		};
		3B96DE1021A662A0007DC72B = {
			isa = PBXGroup;
			children = (
				3B96DE1B21A662A0007DC72B /* WZYX-Customer */,
				3B96DE3421A662A1007DC72B /* WZYX-CustomerTests */,
				3B96DE3F21A662A1007DC72B /* WZYX-CustomerUITests */,
				3B96DE1A21A662A0007DC72B /* Products */,
				2AFE1139CD29D5C0EF37FDDD /* Pods */,
				51A8055BF4A288C3BF34EF20 /* Frameworks */,
			);
			sourceTree = "<group>";
		};
		3B96DE1A21A662A0007DC72B /* Products */ = {
			isa = PBXGroup;
			children = (
				3B96DE1921A662A0007DC72B /* WZYX-Customer.app */,
				3B96DE3121A662A1007DC72B /* WZYX-CustomerTests.xctest */,
				3B96DE3C21A662A1007DC72B /* WZYX-CustomerUITests.xctest */,
			);
			name = Products;
			sourceTree = "<group>";
		};
		3B96DE1B21A662A0007DC72B /* WZYX-Customer */ = {
			isa = PBXGroup;
			children = (
				3B96DEDC21AC0737007DC72B /* Features */,
				3B96DEAF21A7FAD7007DC72B /* Utilities */,
				3B96DEAB21A7E84A007DC72B /* Categories */,
				3B96DEFC21AC27E8007DC72B /* Resources */,
				3B96DEDB21AC06C3007DC72B /* AppEntry */,
			);
			path = "WZYX-Customer";
			sourceTree = "<group>";
		};
		3B96DE3421A662A1007DC72B /* WZYX-CustomerTests */ = {
			isa = PBXGroup;
			children = (
				3B96DE3521A662A1007DC72B /* WZYX_CustomerTests.m */,
				3B96DE3721A662A1007DC72B /* Info.plist */,
			);
			path = "WZYX-CustomerTests";
			sourceTree = "<group>";
		};
		3B96DE3F21A662A1007DC72B /* WZYX-CustomerUITests */ = {
			isa = PBXGroup;
			children = (
				3B96DE4021A662A1007DC72B /* WZYX_CustomerUITests.m */,
				3B96DE4221A662A1007DC72B /* Info.plist */,
			);
			path = "WZYX-CustomerUITests";
			sourceTree = "<group>";
		};
		3B96DE8D21A6B638007DC72B /* Login */ = {
			isa = PBXGroup;
			children = (
				3B96DEB321A94429007DC72B /* Models */,
				3B96DEA621A6E48C007DC72B /* Views */,
				3B96DEA721A6E49A007DC72B /* Controllers */,
			);
			path = Login;
			sourceTree = "<group>";
		};
		3B96DEA621A6E48C007DC72B /* Views */ = {
			isa = PBXGroup;
			children = (
				3B96DE9D21A6E0DA007DC72B /* WZLoginTableView.h */,
				3B96DE9E21A6E0DA007DC72B /* WZLoginTableView.m */,
				3B96DE8A21A6A630007DC72B /* WZLoginTableViewCell.h */,
				3B96DE8B21A6A630007DC72B /* WZLoginTableViewCell.m */,
			);
			path = Views;
			sourceTree = "<group>";
		};
		3B96DEA721A6E49A007DC72B /* Controllers */ = {
			isa = PBXGroup;
			children = (
				3B96DEA321A6E39B007DC72B /* WZLoginNavigationController.h */,
				3B96DEA421A6E39B007DC72B /* WZLoginNavigationController.m */,
				3B96DE9121A6B6A2007DC72B /* WZLoginViewController.h */,
				3B96DE9221A6B6A2007DC72B /* WZLoginViewController.m */,
				3B96DE9721A6DA42007DC72B /* WZRegisterViewController.h */,
				3B96DE9821A6DA42007DC72B /* WZRegisterViewController.m */,
				3B96DECC21AA94A5007DC72B /* WZResetPasswordViewController.h */,
				3B96DECD21AA94A5007DC72B /* WZResetPasswordViewController.m */,
				3B96DECF21AA9553007DC72B /* WZModifyPasswordViewController.h */,
				3B96DED021AA9553007DC72B /* WZModifyPasswordViewController.m */,
			);
			path = Controllers;
			sourceTree = "<group>";
		};
		3B96DEAB21A7E84A007DC72B /* Categories */ = {
			isa = PBXGroup;
			children = (
				3B96DEAC21A7E8B8007DC72B /* UIButton+WZCountDownButton.h */,
				3B96DEAD21A7E8B8007DC72B /* UIButton+WZCountDownButton.m */,
			);
			path = Categories;
			sourceTree = "<group>";
		};
		3B96DEAF21A7FAD7007DC72B /* Utilities */ = {
			isa = PBXGroup;
			children = (
				3B96DEB021A7FB27007DC72B /* WZDataFormatChecker.h */,
				3B96DEB121A7FB27007DC72B /* WZDataFormatChecker.m */,
				3BC20C7E21BB9873002A31EC /* WZObjectDictionaryConverter.h */,
				3BC20C7F21BB9873002A31EC /* WZObjectDictionaryConverter.m */,
				3BB4ECD721E1A76500E84669 /* WZDateStringConverter.h */,
				3BB4ECD821E1A76500E84669 /* WZDateStringConverter.m */,
				3B11DB15223D0DF300A99B61 /* WZDateAndTimeStampConverter.h */,
				3B11DB14223D0DF300A99B61 /* WZDateAndTimeStampConverter.m */,
				3BB4ECDA21E1A9CB00E84669 /* WZRandomStringGenerator.h */,
				3BB4ECDB21E1A9CB00E84669 /* WZRandomStringGenerator.m */,
				3BFC81CC222FA53800E20EA9 /* WZHTTPSessionManager.h */,
				3BFC81CD222FA53800E20EA9 /* WZHTTPSessionManager.m */,
			);
			path = Utilities;
			sourceTree = "<group>";
		};
		3B96DEB321A94429007DC72B /* Models */ = {
			isa = PBXGroup;
			children = (
				3B96DEB421A94440007DC72B /* WZLogin.h */,
				3B96DEB521A94440007DC72B /* WZLogin.m */,
			);
			path = Models;
			sourceTree = "<group>";
		};
		3B96DED921AC0655007DC72B /* Mine */ = {
			isa = PBXGroup;
			children = (
				3B96DF0021AC286B007DC72B /* Models */,
				3B96DEE921AC0D02007DC72B /* Views */,
				3B96DEDA21AC065E007DC72B /* Controllers */,
			);
			path = Mine;
			sourceTree = "<group>";
		};
		3B96DEDA21AC065E007DC72B /* Controllers */ = {
			isa = PBXGroup;
			children = (
				3B96DEE321AC09BE007DC72B /* WZMineNavigationController.h */,
				3B96DEE421AC09BE007DC72B /* WZMineNavigationController.m */,
				3B96DEE721AC0B3A007DC72B /* WZMineTableViewController.h */,
				3B96DEE621AC0B3A007DC72B /* WZMineTableViewController.m */,
				3B96DEEE21AC17C0007DC72B /* WZMyProfileTableViewController.h */,
				3B96DEED21AC17C0007DC72B /* WZMyProfileTableViewController.m */,
				3B96DEFA21AC270A007DC72B /* WZAvatarViewController.h */,
				3B96DEF921AC270A007DC72B /* WZAvatarViewController.m */,
				3B96DEF021AC1D7D007DC72B /* WZNameTableViewController.h */,
				3B96DEF121AC1D7D007DC72B /* WZNameTableViewController.m */,
				3B96DEF621AC251B007DC72B /* WZGenderTableViewController.h */,
				3B96DEF721AC251B007DC72B /* WZGenderTableViewController.m */,
				1F188CDB21AF93FF00985A57 /* WZSettingsTableViewController.h */,
				1F188CDC21AF93FF00985A57 /* WZSettingsTableViewController.m */,
			);
			path = Controllers;
			sourceTree = "<group>";
		};
		3B96DEDB21AC06C3007DC72B /* AppEntry */ = {
			isa = PBXGroup;
			children = (
				3B96DE1C21A662A0007DC72B /* AppDelegate.h */,
				3B96DE1D21A662A0007DC72B /* AppDelegate.m */,
				3B96DEDD21AC07CC007DC72B /* WZMainTabBarController.h */,
				3B96DEDE21AC07CC007DC72B /* WZMainTabBarController.m */,
				3B11DB18223D118300A99B61 /* Assets.xcassets */,
				3B96DE2721A662A1007DC72B /* LaunchScreen.storyboard */,
				3B96DE2A21A662A1007DC72B /* Info.plist */,
				3B96DE2B21A662A1007DC72B /* main.m */,
			);
			name = AppEntry;
			sourceTree = "<group>";
		};
		3B96DEDC21AC0737007DC72B /* Features */ = {
			isa = PBXGroup;
			children = (
				3BF6CDC0223CE358003DFEBF /* Activity */,
				3B96DF5621B0F03B007DC72B /* Order */,
				3B96DED921AC0655007DC72B /* Mine */,
				3B96DE8D21A6B638007DC72B /* Login */,
			);
			path = Features;
			sourceTree = "<group>";
		};
		3B96DEE921AC0D02007DC72B /* Views */ = {
			isa = PBXGroup;
			children = (
				3B96DEEA21AC0DF7007DC72B /* WZUserPortraitTableViewCell.h */,
				3B96DEEB21AC0DF7007DC72B /* WZUserPortraitTableViewCell.m */,
				3B96DEF321AC22DD007DC72B /* WZTextFieldTableViewCell.h */,
				3B96DEF421AC22DD007DC72B /* WZTextFieldTableViewCell.m */,
				3B96DF0621AC3ED9007DC72B /* WZSubmitButtonTableViewCell.h */,
				3B96DF0721AC3ED9007DC72B /* WZSubmitButtonTableViewCell.m */,
				1F188CDE21AF957B00985A57 /* WZCenterLabelTableViewCell.h */,
				1F188CDF21AF957B00985A57 /* WZCenterLabelTableViewCell.m */,
			);
			path = Views;
			sourceTree = "<group>";
		};
		3B96DEFC21AC27E8007DC72B /* Resources */ = {
			isa = PBXGroup;
			children = (
				3B11DB17223D0FCE00A99B61 /* iconfont.ttf */,
				3B96DF0421AC2A5A007DC72B /* cities.plist */,
			);
			path = Resources;
			sourceTree = "<group>";
		};
		3B96DF0021AC286B007DC72B /* Models */ = {
			isa = PBXGroup;
			children = (
				3B96DF0221AC289A007DC72B /* WZCityInfo.h */,
				3B96DF0121AC289A007DC72B /* WZCityInfo.m */,
				1F188CD821AD5F0D00985A57 /* WZUserInfoManager.h */,
				1F188CD921AD5F0D00985A57 /* WZUserInfoManager.m */,
				1FFA340B21B2768C00CF8F54 /* WZUser.h */,
				1FFA340C21B2768C00CF8F54 /* WZUser.m */,
			);
			path = Models;
			sourceTree = "<group>";
		};
		3B96DF5621B0F03B007DC72B /* Order */ = {
			isa = PBXGroup;
			children = (
				3B96DF5921B0F062007DC72B /* Models */,
				3B96DF5821B0F058007DC72B /* Views */,
				3B96DF5721B0F04A007DC72B /* Controllers */,
			);
			path = Order;
			sourceTree = "<group>";
		};
		3B96DF5721B0F04A007DC72B /* Controllers */ = {
			isa = PBXGroup;
			children = (
				3B96DF6021B10205007DC72B /* WZOrderNavigationController.h */,
				3B96DF6121B10205007DC72B /* WZOrderNavigationController.m */,
				3B96DF6321B10DD4007DC72B /* WZBaseScrollViewController.h */,
				3B96DF6421B10DD4007DC72B /* WZBaseScrollViewController.m */,
				3B96DF6621B11C6A007DC72B /* WZOrderListTableViewController.h */,
				3B96DF6721B11C6A007DC72B /* WZOrderListTableViewController.m */,
				3BC20C8421BE359F002A31EC /* WZOrderDetailTableViewController.h */,
				3BC20C8521BE359F002A31EC /* WZOrderDetailTableViewController.m */,
				3BC20C9021BF9302002A31EC /* WZCertificationViewController.h */,
				3BC20C9121BF9302002A31EC /* WZCertificationViewController.m */,
				3BF2059C21DF2D03009C1D56 /* WZPayTableViewController.h */,
				3BF2059D21DF2D03009C1D56 /* WZPayTableViewController.m */,
				3BF205AB21DF6433009C1D56 /* WZThirdPayMockViewController.h */,
				3BF205AC21DF6433009C1D56 /* WZThirdPayMockViewController.m */,
				3BB4ECE621E324A800E84669 /* WZCommentTableViewController.h */,
				3BB4ECE721E324A800E84669 /* WZCommentTableViewController.m */,
			);
			path = Controllers;
			sourceTree = "<group>";
		};
		3B96DF5821B0F058007DC72B /* Views */ = {
			isa = PBXGroup;
			children = (
				3B96DF5D21B0FB36007DC72B /* WZOrderTableViewCell.h */,
				3B96DF5E21B0FB36007DC72B /* WZOrderTableViewCell.m */,
				3BC20C8121BE02BA002A31EC /* WZOrderActionTableViewCell.h */,
				3BC20C8221BE02BA002A31EC /* WZOrderActionTableViewCell.m */,
				3BC20C8721BE3C75002A31EC /* WZOrderStateTableViewCell.h */,
				3BC20C8821BE3C75002A31EC /* WZOrderStateTableViewCell.m */,
				3BC20C8A21BE42C8002A31EC /* WZOrderPriceTableViewCell.h */,
				3BC20C8B21BE42C8002A31EC /* WZOrderPriceTableViewCell.m */,
				3BC20C8D21BE4B0B002A31EC /* WZOrderInfoTableViewCell.h */,
				3BC20C8E21BE4B0B002A31EC /* WZOrderInfoTableViewCell.m */,
				3BF205A521DF37DB009C1D56 /* WZPayMethodTableViewCell.h */,
				3BF205A621DF37DB009C1D56 /* WZPayMethodTableViewCell.m */,
				3BF205A821DF55ED009C1D56 /* WZSubmitButtonView.h */,
				3BF205A921DF55ED009C1D56 /* WZSubmitButtonView.m */,
				3BB4ECDD21E2F22200E84669 /* WZNoContentView.h */,
				3BB4ECDE21E2F22200E84669 /* WZNoContentView.m */,
				3BB4ECE921E327C500E84669 /* WZOrderTitleTableViewCell.h */,
				3BB4ECEA21E327C500E84669 /* WZOrderTitleTableViewCell.m */,
				3BB4ECEC21E32D2100E84669 /* WZCommentInputTableViewCell.h */,
				3BB4ECED21E32D2100E84669 /* WZCommentInputTableViewCell.m */,
				3B1258C921E4600500BFD388 /* WZStarLevelTableViewCell.h */,
				3B1258CA21E4600500BFD388 /* WZStarLevelTableViewCell.m */,
			);
			path = Views;
			sourceTree = "<group>";
		};
		3B96DF5921B0F062007DC72B /* Models */ = {
			isa = PBXGroup;
			children = (
				3B96DF5A21B0F080007DC72B /* WZOrder.h */,
				3B96DF5B21B0F080007DC72B /* WZOrder.m */,
			);
			path = Models;
			sourceTree = "<group>";
		};
		3BF6CDC0223CE358003DFEBF /* Activity */ = {
			isa = PBXGroup;
			children = (
				3BF6CDCC223CE358003DFEBF /* Model */,
				3BF6CDD1223CE358003DFEBF /* View */,
				3BF6CDC1223CE358003DFEBF /* Controller */,
			);
			path = Activity;
			sourceTree = "<group>";
		};
		3BF6CDC1223CE358003DFEBF /* Controller */ = {
			isa = PBXGroup;
			children = (
				3BF6CDC6223CE358003DFEBF /* WZActivityNavigationController.h */,
				3BF6CDCA223CE358003DFEBF /* WZActivityNavigationController.m */,
				3BF6CDCB223CE358003DFEBF /* WZActivityViewController.h */,
				3BF6CDC5223CE358003DFEBF /* WZActivityViewController.m */,
				3BF6CDC9223CE358003DFEBF /* WZActivityDetailTableViewController.h */,
				3BF6CDC4223CE358003DFEBF /* WZActivityDetailTableViewController.m */,
				3BF6CDC8223CE358003DFEBF /* WZActivitySearchingTableViewController.h */,
				3BF6CDC3223CE358003DFEBF /* WZActivitySearchingTableViewController.m */,
				3BF6CDC7223CE358003DFEBF /* WZCategoryTableViewController.h */,
				3BF6CDC2223CE358003DFEBF /* WZCategoryTableViewController.m */,
				1F6E36B6224C9D8800FEEC49 /* WZActivityCommentTableViewController.h */,
				1F6E36B7224C9D8800FEEC49 /* WZActivityCommentTableViewController.m */,
			);
			path = Controller;
			sourceTree = "<group>";
		};
		3BF6CDCC223CE358003DFEBF /* Model */ = {
			isa = PBXGroup;
			children = (
				3BF6CDCF223CE358003DFEBF /* WZActivity.h */,
				3BF6CDCD223CE358003DFEBF /* WZActivity.m */,
				3BF6CDCE223CE358003DFEBF /* WZActivityManager.h */,
				3BF6CDD0223CE358003DFEBF /* WZActivityManager.m */,
			);
			path = Model;
			sourceTree = "<group>";
		};
		3BF6CDD1223CE358003DFEBF /* View */ = {
			isa = PBXGroup;
			children = (
				3BF6CDDA223CE358003DFEBF /* lib */,
				3BF6CE01223CE358003DFEBF /* WZActivityBaseTableView.h */,
				3BF6CDD3223CE358003DFEBF /* WZActivityBaseTableView.m */,
				3BF6CDD5223CE358003DFEBF /* WZActivitySearchBarCell.h */,
				3BF6CE05223CE358003DFEBF /* WZActivitySearchBarCell.m */,
				3BF6CE04223CE358003DFEBF /* WZActivityCollectionViewCell.h */,
				3BF6CDD6223CE358003DFEBF /* WZActivityCollectionViewCell.m */,
				3BF6CE03223CE358003DFEBF /* WZActivityCategoryTableViewCell.h */,
				3BF6CDD8223CE358003DFEBF /* WZActivityCategoryTableViewCell.m */,
				3BF6CE02223CE358003DFEBF /* WZActivityDetailImageCell.h */,
				3BF6CDD7223CE358003DFEBF /* WZActivityDetailImageCell.m */,
				3BF6CDD9223CE358003DFEBF /* WZActivityTableViewCell.h */,
				3BF6CDD2223CE358003DFEBF /* WZActivityTableViewCell.m */,
				3BF6CE06223CE358003DFEBF /* WZActivitySubmitOrderButton.h */,
				3BF6CDD4223CE358003DFEBF /* WZActivitySubmitOrderButton.m */,
				1FC0185922478B1B00A25DF7 /* WZActivityAmountCell.h */,
				1FC0185A22478B1B00A25DF7 /* WZActivityAmountCell.m */,
				1FFB1918224C9BBF0047BFA6 /* WZActivityCommentCell.h */,
				1FFB1919224C9BBF0047BFA6 /* WZActivityCommentCell.m */,
				1F6E36B9224CAC9000FEEC49 /* WZActivityRankView.h */,
				1F6E36BA224CAC9000FEEC49 /* WZActivityRankView.m */,
			);
			path = View;
			sourceTree = "<group>";
		};
		3BF6CDDA223CE358003DFEBF /* lib */ = {
			isa = PBXGroup;
			children = (
				3BF6CDE9223CE358003DFEBF /* JFCityViewController */,
				3BF6CDDB223CE358003DFEBF /* DWQExtension */,
				3BF6CDE0223CE358003DFEBF /* DWQSelectAttributesView */,
				3BF6CE00223CE358003DFEBF /* FSSegmentTitleView.h */,
				3BF6CDDE223CE358003DFEBF /* FSSegmentTitleView.m */,
				3BF6CDDF223CE358003DFEBF /* FSPageContentView.h */,
				3BF6CDE8223CE358003DFEBF /* FSPageContentView.m */,
			);
			path = lib;
			sourceTree = "<group>";
		};
		3BF6CDDB223CE358003DFEBF /* DWQExtension */ = {
			isa = PBXGroup;
			children = (
				3BF6CDDC223CE358003DFEBF /* UIView+DWQExtension.m */,
				3BF6CDDD223CE358003DFEBF /* UIView+DWQExtension.h */,
			);
			path = DWQExtension;
			sourceTree = "<group>";
		};
		3BF6CDE0223CE358003DFEBF /* DWQSelectAttributesView */ = {
			isa = PBXGroup;
			children = (
				3BF6CDE1223CE358003DFEBF /* DWQSelectAttributes.m */,
				3BF6CDE2223CE358003DFEBF /* DWQ-LOGO.jpeg */,
				3BF6CDE3223CE358003DFEBF /* DWQSelectView.h */,
				3BF6CDE4223CE358003DFEBF /* 凯迪拉克.jpg */,
				3BF6CDE5223CE358003DFEBF /* 取消.png */,
				3BF6CDE6223CE358003DFEBF /* DWQSelectAttributes.h */,
				3BF6CDE7223CE358003DFEBF /* DWQSelectView.m */,
			);
			path = DWQSelectAttributesView;
			sourceTree = "<group>";
		};
		3BF6CDE9223CE358003DFEBF /* JFCityViewController */ = {
			isa = PBXGroup;
			children = (
				3BF6CDEA223CE358003DFEBF /* JFCityCollectionFlowLayout.h */,
				3BF6CDEB223CE358003DFEBF /* JFCityCollectionViewCell.m */,
				3BF6CDEC223CE358003DFEBF /* Location */,
				3BF6CDEF223CE358003DFEBF /* AreaDataManager */,
				3BF6CDF2223CE358003DFEBF /* JFButton.h */,
				3BF6CDF3223CE358003DFEBF /* JFCityHeaderView.m */,
				3BF6CDF4223CE358003DFEBF /* JFSearchView.m */,
				3BF6CDF5223CE358003DFEBF /* JFCityViewController.m */,
				3BF6CDF6223CE358003DFEBF /* JFCityTableViewCell.m */,
				3BF6CDF7223CE358003DFEBF /* JFCityCollectionFlowLayout.m */,
				3BF6CDF8223CE358003DFEBF /* JFCityCollectionViewCell.h */,
				3BF6CDF9223CE358003DFEBF /* JFButton.m */,
				3BF6CDFA223CE358003DFEBF /* JFCityViewController.h */,
				3BF6CDFB223CE358003DFEBF /* JFCityTableViewCell.h */,
				3BF6CDFC223CE358003DFEBF /* AreaDB */,
				3BF6CDFE223CE358003DFEBF /* JFSearchView.h */,
				3BF6CDFF223CE358003DFEBF /* JFCityHeaderView.h */,
			);
			path = JFCityViewController;
			sourceTree = "<group>";
		};
		3BF6CDEC223CE358003DFEBF /* Location */ = {
			isa = PBXGroup;
			children = (
				3BF6CDED223CE358003DFEBF /* JFLocation.m */,
				3BF6CDEE223CE358003DFEBF /* JFLocation.h */,
			);
			path = Location;
			sourceTree = "<group>";
		};
		3BF6CDEF223CE358003DFEBF /* AreaDataManager */ = {
			isa = PBXGroup;
			children = (
				3BF6CDF0223CE358003DFEBF /* JFAreaDataManager.h */,
				3BF6CDF1223CE358003DFEBF /* JFAreaDataManager.m */,
			);
			path = AreaDataManager;
			sourceTree = "<group>";
		};
		3BF6CDFC223CE358003DFEBF /* AreaDB */ = {
			isa = PBXGroup;
			children = (
				3BF6CDFD223CE358003DFEBF /* shop_area.sqlite */,
			);
			path = AreaDB;
			sourceTree = "<group>";
		};
		51A8055BF4A288C3BF34EF20 /* Frameworks */ = {
			isa = PBXGroup;
			children = (
				574557591493654341966A29 /* libPods-WZYX-Customer.a */,
				1FB7CED8D7487397563EAAF2 /* libPods-WZYX-CustomerTests.a */,
				516EA8A330BB1BB32C8A2FFB /* libPods-WZYX-CustomerUITests.a */,
			);
			name = Frameworks;
			sourceTree = "<group>";
		};
/* End PBXGroup section */

/* Begin PBXNativeTarget section */
		3B96DE1821A662A0007DC72B /* WZYX-Customer */ = {
			isa = PBXNativeTarget;
			buildConfigurationList = 3B96DE4521A662A1007DC72B /* Build configuration list for PBXNativeTarget "WZYX-Customer" */;
			buildPhases = (
				80A08E858856583C14071AD1 /* [CP] Check Pods Manifest.lock */,
				3B96DE1521A662A0007DC72B /* Sources */,
				3B96DE1621A662A0007DC72B /* Frameworks */,
				3B96DE1721A662A0007DC72B /* Resources */,
				016BFCBB62B971E44C386201 /* [CP] Copy Pods Resources */,
			);
			buildRules = (
			);
			dependencies = (
			);
			name = "WZYX-Customer";
			productName = "WZYX-Customer";
			productReference = 3B96DE1921A662A0007DC72B /* WZYX-Customer.app */;
			productType = "com.apple.product-type.application";
		};
		3B96DE3021A662A1007DC72B /* WZYX-CustomerTests */ = {
			isa = PBXNativeTarget;
			buildConfigurationList = 3B96DE4821A662A1007DC72B /* Build configuration list for PBXNativeTarget "WZYX-CustomerTests" */;
			buildPhases = (
				941A6F18E718B9DB8F468D48 /* [CP] Check Pods Manifest.lock */,
				3B96DE2D21A662A1007DC72B /* Sources */,
				3B96DE2E21A662A1007DC72B /* Frameworks */,
				3B96DE2F21A662A1007DC72B /* Resources */,
			);
			buildRules = (
			);
			dependencies = (
				3B96DE3321A662A1007DC72B /* PBXTargetDependency */,
			);
			name = "WZYX-CustomerTests";
			productName = "WZYX-CustomerTests";
			productReference = 3B96DE3121A662A1007DC72B /* WZYX-CustomerTests.xctest */;
			productType = "com.apple.product-type.bundle.unit-test";
		};
		3B96DE3B21A662A1007DC72B /* WZYX-CustomerUITests */ = {
			isa = PBXNativeTarget;
			buildConfigurationList = 3B96DE4B21A662A1007DC72B /* Build configuration list for PBXNativeTarget "WZYX-CustomerUITests" */;
			buildPhases = (
				023C5F66657895E5C4AA5C6C /* [CP] Check Pods Manifest.lock */,
				3B96DE3821A662A1007DC72B /* Sources */,
				3B96DE3921A662A1007DC72B /* Frameworks */,
				3B96DE3A21A662A1007DC72B /* Resources */,
			);
			buildRules = (
			);
			dependencies = (
				3B96DE3E21A662A1007DC72B /* PBXTargetDependency */,
			);
			name = "WZYX-CustomerUITests";
			productName = "WZYX-CustomerUITests";
			productReference = 3B96DE3C21A662A1007DC72B /* WZYX-CustomerUITests.xctest */;
			productType = "com.apple.product-type.bundle.ui-testing";
		};
/* End PBXNativeTarget section */

/* Begin PBXProject section */
		3B96DE1121A662A0007DC72B /* Project object */ = {
			isa = PBXProject;
			attributes = {
				LastUpgradeCheck = 1010;
				ORGANIZATIONNAME = WZYX;
				TargetAttributes = {
					3B96DE1821A662A0007DC72B = {
						CreatedOnToolsVersion = 10.1;
					};
					3B96DE3021A662A1007DC72B = {
						CreatedOnToolsVersion = 10.1;
						TestTargetID = 3B96DE1821A662A0007DC72B;
					};
					3B96DE3B21A662A1007DC72B = {
						CreatedOnToolsVersion = 10.1;
						TestTargetID = 3B96DE1821A662A0007DC72B;
					};
				};
			};
			buildConfigurationList = 3B96DE1421A662A0007DC72B /* Build configuration list for PBXProject "WZYX-Customer" */;
			compatibilityVersion = "Xcode 9.3";
			developmentRegion = en;
			hasScannedForEncodings = 0;
			knownRegions = (
				en,
				Base,
			);
			mainGroup = 3B96DE1021A662A0007DC72B;
			productRefGroup = 3B96DE1A21A662A0007DC72B /* Products */;
			projectDirPath = "";
			projectRoot = "";
			targets = (
				3B96DE1821A662A0007DC72B /* WZYX-Customer */,
				3B96DE3021A662A1007DC72B /* WZYX-CustomerTests */,
				3B96DE3B21A662A1007DC72B /* WZYX-CustomerUITests */,
			);
		};
/* End PBXProject section */

/* Begin PBXResourcesBuildPhase section */
		3B96DE1721A662A0007DC72B /* Resources */ = {
			isa = PBXResourcesBuildPhase;
			buildActionMask = 2147483647;
			files = (
				3BF6CE17223CE358003DFEBF /* DWQ-LOGO.jpeg in Resources */,
				3BF6CE18223CE358003DFEBF /* 凯迪拉克.jpg in Resources */,
				3B96DF0521AC2A5A007DC72B /* cities.plist in Resources */,
				3BF6CE19223CE358003DFEBF /* 取消.png in Resources */,
				3B11DB19223D118400A99B61 /* Assets.xcassets in Resources */,
				3B96DE2921A662A1007DC72B /* LaunchScreen.storyboard in Resources */,
				3BF6CE25223CE358003DFEBF /* shop_area.sqlite in Resources */,
			);
			runOnlyForDeploymentPostprocessing = 0;
		};
		3B96DE2F21A662A1007DC72B /* Resources */ = {
			isa = PBXResourcesBuildPhase;
			buildActionMask = 2147483647;
			files = (
			);
			runOnlyForDeploymentPostprocessing = 0;
		};
		3B96DE3A21A662A1007DC72B /* Resources */ = {
			isa = PBXResourcesBuildPhase;
			buildActionMask = 2147483647;
			files = (
			);
			runOnlyForDeploymentPostprocessing = 0;
		};
/* End PBXResourcesBuildPhase section */

/* Begin PBXShellScriptBuildPhase section */
		016BFCBB62B971E44C386201 /* [CP] Copy Pods Resources */ = {
			isa = PBXShellScriptBuildPhase;
			buildActionMask = 2147483647;
			files = (
			);
			inputFileListPaths = (
			);
			inputPaths = (
				"${SRCROOT}/Pods/Target Support Files/Pods-WZYX-Customer/Pods-WZYX-Customer-resources.sh",
				"${PODS_ROOT}/MJRefresh/MJRefresh/MJRefresh.bundle",
			);
			name = "[CP] Copy Pods Resources";
			outputFileListPaths = (
			);
			outputPaths = (
				"${TARGET_BUILD_DIR}/${UNLOCALIZED_RESOURCES_FOLDER_PATH}/MJRefresh.bundle",
			);
			runOnlyForDeploymentPostprocessing = 0;
			shellPath = /bin/sh;
			shellScript = "\"${SRCROOT}/Pods/Target Support Files/Pods-WZYX-Customer/Pods-WZYX-Customer-resources.sh\"\n";
			showEnvVarsInLog = 0;
		};
		023C5F66657895E5C4AA5C6C /* [CP] Check Pods Manifest.lock */ = {
			isa = PBXShellScriptBuildPhase;
			buildActionMask = 2147483647;
			files = (
			);
			inputFileListPaths = (
			);
			inputPaths = (
				"${PODS_PODFILE_DIR_PATH}/Podfile.lock",
				"${PODS_ROOT}/Manifest.lock",
			);
			name = "[CP] Check Pods Manifest.lock";
			outputFileListPaths = (
			);
			outputPaths = (
				"$(DERIVED_FILE_DIR)/Pods-WZYX-CustomerUITests-checkManifestLockResult.txt",
			);
			runOnlyForDeploymentPostprocessing = 0;
			shellPath = /bin/sh;
			shellScript = "diff \"${PODS_PODFILE_DIR_PATH}/Podfile.lock\" \"${PODS_ROOT}/Manifest.lock\" > /dev/null\nif [ $? != 0 ] ; then\n    # print error to STDERR\n    echo \"error: The sandbox is not in sync with the Podfile.lock. Run 'pod install' or update your CocoaPods installation.\" >&2\n    exit 1\nfi\n# This output is used by Xcode 'outputs' to avoid re-running this script phase.\necho \"SUCCESS\" > \"${SCRIPT_OUTPUT_FILE_0}\"\n";
			showEnvVarsInLog = 0;
		};
		80A08E858856583C14071AD1 /* [CP] Check Pods Manifest.lock */ = {
			isa = PBXShellScriptBuildPhase;
			buildActionMask = 2147483647;
			files = (
			);
			inputFileListPaths = (
			);
			inputPaths = (
				"${PODS_PODFILE_DIR_PATH}/Podfile.lock",
				"${PODS_ROOT}/Manifest.lock",
			);
			name = "[CP] Check Pods Manifest.lock";
			outputFileListPaths = (
			);
			outputPaths = (
				"$(DERIVED_FILE_DIR)/Pods-WZYX-Customer-checkManifestLockResult.txt",
			);
			runOnlyForDeploymentPostprocessing = 0;
			shellPath = /bin/sh;
			shellScript = "diff \"${PODS_PODFILE_DIR_PATH}/Podfile.lock\" \"${PODS_ROOT}/Manifest.lock\" > /dev/null\nif [ $? != 0 ] ; then\n    # print error to STDERR\n    echo \"error: The sandbox is not in sync with the Podfile.lock. Run 'pod install' or update your CocoaPods installation.\" >&2\n    exit 1\nfi\n# This output is used by Xcode 'outputs' to avoid re-running this script phase.\necho \"SUCCESS\" > \"${SCRIPT_OUTPUT_FILE_0}\"\n";
			showEnvVarsInLog = 0;
		};
		941A6F18E718B9DB8F468D48 /* [CP] Check Pods Manifest.lock */ = {
			isa = PBXShellScriptBuildPhase;
			buildActionMask = 2147483647;
			files = (
			);
			inputFileListPaths = (
			);
			inputPaths = (
				"${PODS_PODFILE_DIR_PATH}/Podfile.lock",
				"${PODS_ROOT}/Manifest.lock",
			);
			name = "[CP] Check Pods Manifest.lock";
			outputFileListPaths = (
			);
			outputPaths = (
				"$(DERIVED_FILE_DIR)/Pods-WZYX-CustomerTests-checkManifestLockResult.txt",
			);
			runOnlyForDeploymentPostprocessing = 0;
			shellPath = /bin/sh;
			shellScript = "diff \"${PODS_PODFILE_DIR_PATH}/Podfile.lock\" \"${PODS_ROOT}/Manifest.lock\" > /dev/null\nif [ $? != 0 ] ; then\n    # print error to STDERR\n    echo \"error: The sandbox is not in sync with the Podfile.lock. Run 'pod install' or update your CocoaPods installation.\" >&2\n    exit 1\nfi\n# This output is used by Xcode 'outputs' to avoid re-running this script phase.\necho \"SUCCESS\" > \"${SCRIPT_OUTPUT_FILE_0}\"\n";
			showEnvVarsInLog = 0;
		};
/* End PBXShellScriptBuildPhase section */

/* Begin PBXSourcesBuildPhase section */
		3B96DE1521A662A0007DC72B /* Sources */ = {
			isa = PBXSourcesBuildPhase;
			buildActionMask = 2147483647;
			files = (
				3BC20C8321BE02BA002A31EC /* WZOrderActionTableViewCell.m in Sources */,
				3BC20C8021BB9873002A31EC /* WZObjectDictionaryConverter.m in Sources */,
				3B96DEA521A6E39B007DC72B /* WZLoginNavigationController.m in Sources */,
				3B96DE9921A6DA42007DC72B /* WZRegisterViewController.m in Sources */,
				3BF6CE1E223CE358003DFEBF /* JFAreaDataManager.m in Sources */,
				3B96DF6221B10205007DC72B /* WZOrderNavigationController.m in Sources */,
				3B11DB16223D0DF300A99B61 /* WZDateAndTimeStampConverter.m in Sources */,
				3BF6CE1A223CE358003DFEBF /* DWQSelectView.m in Sources */,
				3BB4ECEE21E32D2100E84669 /* WZCommentInputTableViewCell.m in Sources */,
				3B96DEF821AC251B007DC72B /* WZGenderTableViewController.m in Sources */,
				1F188CDA21AD5F0D00985A57 /* WZUserInfoManager.m in Sources */,
				3BF6CE07223CE358003DFEBF /* WZCategoryTableViewController.m in Sources */,
				3BF6CE0E223CE358003DFEBF /* WZActivityTableViewCell.m in Sources */,
				3BFC81CE222FA53800E20EA9 /* WZHTTPSessionManager.m in Sources */,
				3BF6CE0B223CE358003DFEBF /* WZActivityNavigationController.m in Sources */,
				3B96DEEC21AC0DF7007DC72B /* WZUserPortraitTableViewCell.m in Sources */,
				3B96DF0821AC3ED9007DC72B /* WZSubmitButtonTableViewCell.m in Sources */,
				3BF205AA21DF55ED009C1D56 /* WZSubmitButtonView.m in Sources */,
				3BF205AD21DF6433009C1D56 /* WZThirdPayMockViewController.m in Sources */,
				3B96DF0321AC289A007DC72B /* WZCityInfo.m in Sources */,
				1F6E36BB224CAC9000FEEC49 /* WZActivityRankView.m in Sources */,
				3B96DE9F21A6E0DA007DC72B /* WZLoginTableView.m in Sources */,
				3B96DEDF21AC07CC007DC72B /* WZMainTabBarController.m in Sources */,
				3B96DEB221A7FB27007DC72B /* WZDataFormatChecker.m in Sources */,
				3BF6CE11223CE358003DFEBF /* WZActivityCollectionViewCell.m in Sources */,
				3B96DEEF21AC17C0007DC72B /* WZMyProfileTableViewController.m in Sources */,
				3B96DEE521AC09BE007DC72B /* WZMineNavigationController.m in Sources */,
				3B96DE2C21A662A1007DC72B /* main.m in Sources */,
				1FFB191A224C9BBF0047BFA6 /* WZActivityCommentCell.m in Sources */,
				3BB4ECDF21E2F22200E84669 /* WZNoContentView.m in Sources */,
				3B96DEE821AC0B3A007DC72B /* WZMineTableViewController.m in Sources */,
				3B1258CB21E4600500BFD388 /* WZStarLevelTableViewCell.m in Sources */,
				3BF6CE23223CE358003DFEBF /* JFCityCollectionFlowLayout.m in Sources */,
				3BC20C8C21BE42C8002A31EC /* WZOrderPriceTableViewCell.m in Sources */,
				3BF6CE10223CE358003DFEBF /* WZActivitySubmitOrderButton.m in Sources */,
				3B96DE1E21A662A0007DC72B /* AppDelegate.m in Sources */,
				3BF6CE12223CE358003DFEBF /* WZActivityDetailImageCell.m in Sources */,
				3BF6CE26223CE358003DFEBF /* WZActivitySearchBarCell.m in Sources */,
				1F188CDD21AF93FF00985A57 /* WZSettingsTableViewController.m in Sources */,
				1FFA340D21B2768C00CF8F54 /* WZUser.m in Sources */,
				3B96DEAE21A7E8B8007DC72B /* UIButton+WZCountDownButton.m in Sources */,
				3B96DED121AA9553007DC72B /* WZModifyPasswordViewController.m in Sources */,
				3BF6CE16223CE358003DFEBF /* DWQSelectAttributes.m in Sources */,
				3BF2059E21DF2D03009C1D56 /* WZPayTableViewController.m in Sources */,
				3BC20C8621BE359F002A31EC /* WZOrderDetailTableViewController.m in Sources */,
				3BF6CE1F223CE358003DFEBF /* JFCityHeaderView.m in Sources */,
				3BC20C9221BF9302002A31EC /* WZCertificationViewController.m in Sources */,
				3BF205A721DF37DB009C1D56 /* WZPayMethodTableViewCell.m in Sources */,
				3B96DF5C21B0F080007DC72B /* WZOrder.m in Sources */,
				3BC20C8921BE3C75002A31EC /* WZOrderStateTableViewCell.m in Sources */,
				3B96DEB621A94440007DC72B /* WZLogin.m in Sources */,
				3BB4ECD921E1A76500E84669 /* WZDateStringConverter.m in Sources */,
				3BF6CE21223CE358003DFEBF /* JFCityViewController.m in Sources */,
				3BF6CE1D223CE358003DFEBF /* JFLocation.m in Sources */,
				3B96DF6821B11C6A007DC72B /* WZOrderListTableViewController.m in Sources */,
				3B96DF5F21B0FB36007DC72B /* WZOrderTableViewCell.m in Sources */,
				3BF6CE1B223CE358003DFEBF /* FSPageContentView.m in Sources */,
				3BC20C8F21BE4B0B002A31EC /* WZOrderInfoTableViewCell.m in Sources */,
				3BF6CE15223CE358003DFEBF /* FSSegmentTitleView.m in Sources */,
				3B96DEF521AC22DD007DC72B /* WZTextFieldTableViewCell.m in Sources */,
				1F188CE021AF957B00985A57 /* WZCenterLabelTableViewCell.m in Sources */,
				3B96DECE21AA94A5007DC72B /* WZResetPasswordViewController.m in Sources */,
				3BF6CE13223CE358003DFEBF /* WZActivityCategoryTableViewCell.m in Sources */,
				3BB4ECEB21E327C500E84669 /* WZOrderTitleTableViewCell.m in Sources */,
				3B96DEF221AC1D7D007DC72B /* WZNameTableViewController.m in Sources */,
				3BF6CE0D223CE358003DFEBF /* WZActivityManager.m in Sources */,
				3BF6CE1C223CE358003DFEBF /* JFCityCollectionViewCell.m in Sources */,
				3BF6CE09223CE358003DFEBF /* WZActivityDetailTableViewController.m in Sources */,
				3BB4ECDC21E1A9CB00E84669 /* WZRandomStringGenerator.m in Sources */,
				3BF6CE24223CE358003DFEBF /* JFButton.m in Sources */,
				3BF6CE0A223CE358003DFEBF /* WZActivityViewController.m in Sources */,
				3BF6CE20223CE358003DFEBF /* JFSearchView.m in Sources */,
				3B96DE8C21A6A630007DC72B /* WZLoginTableViewCell.m in Sources */,
				3BF6CE14223CE358003DFEBF /* UIView+DWQExtension.m in Sources */,
				3BF6CE22223CE358003DFEBF /* JFCityTableViewCell.m in Sources */,
				3B96DF6521B10DD4007DC72B /* WZBaseScrollViewController.m in Sources */,
				3B96DEFB21AC270A007DC72B /* WZAvatarViewController.m in Sources */,
				3B96DE9321A6B6A2007DC72B /* WZLoginViewController.m in Sources */,
				3BF6CE0F223CE358003DFEBF /* WZActivityBaseTableView.m in Sources */,
				3BB4ECE821E324A800E84669 /* WZCommentTableViewController.m in Sources */,
				1F6E36B8224C9D8800FEEC49 /* WZActivityCommentTableViewController.m in Sources */,
				3BF6CE08223CE358003DFEBF /* WZActivitySearchingTableViewController.m in Sources */,
				1FC0185B22478B1B00A25DF7 /* WZActivityAmountCell.m in Sources */,
				3BF6CE0C223CE358003DFEBF /* WZActivity.m in Sources */,
			);
			runOnlyForDeploymentPostprocessing = 0;
		};
		3B96DE2D21A662A1007DC72B /* Sources */ = {
			isa = PBXSourcesBuildPhase;
			buildActionMask = 2147483647;
			files = (
				3B96DE3621A662A1007DC72B /* WZYX_CustomerTests.m in Sources */,
			);
			runOnlyForDeploymentPostprocessing = 0;
		};
		3B96DE3821A662A1007DC72B /* Sources */ = {
			isa = PBXSourcesBuildPhase;
			buildActionMask = 2147483647;
			files = (
				3B96DE4121A662A1007DC72B /* WZYX_CustomerUITests.m in Sources */,
			);
			runOnlyForDeploymentPostprocessing = 0;
		};
/* End PBXSourcesBuildPhase section */

/* Begin PBXTargetDependency section */
		3B96DE3321A662A1007DC72B /* PBXTargetDependency */ = {
			isa = PBXTargetDependency;
			target = 3B96DE1821A662A0007DC72B /* WZYX-Customer */;
			targetProxy = 3B96DE3221A662A1007DC72B /* PBXContainerItemProxy */;
		};
		3B96DE3E21A662A1007DC72B /* PBXTargetDependency */ = {
			isa = PBXTargetDependency;
			target = 3B96DE1821A662A0007DC72B /* WZYX-Customer */;
			targetProxy = 3B96DE3D21A662A1007DC72B /* PBXContainerItemProxy */;
		};
/* End PBXTargetDependency section */

/* Begin PBXVariantGroup section */
		3B96DE2721A662A1007DC72B /* LaunchScreen.storyboard */ = {
			isa = PBXVariantGroup;
			children = (
				3B96DE2821A662A1007DC72B /* Base */,
			);
			name = LaunchScreen.storyboard;
			sourceTree = "<group>";
		};
/* End PBXVariantGroup section */

/* Begin XCBuildConfiguration section */
		3B96DE4321A662A1007DC72B /* Debug */ = {
			isa = XCBuildConfiguration;
			buildSettings = {
				ALWAYS_SEARCH_USER_PATHS = NO;
				CLANG_ANALYZER_NONNULL = YES;
				CLANG_ANALYZER_NUMBER_OBJECT_CONVERSION = YES_AGGRESSIVE;
				CLANG_CXX_LANGUAGE_STANDARD = "gnu++14";
				CLANG_CXX_LIBRARY = "libc++";
				CLANG_ENABLE_MODULES = YES;
				CLANG_ENABLE_OBJC_ARC = YES;
				CLANG_ENABLE_OBJC_WEAK = YES;
				CLANG_WARN_BLOCK_CAPTURE_AUTORELEASING = YES;
				CLANG_WARN_BOOL_CONVERSION = YES;
				CLANG_WARN_COMMA = YES;
				CLANG_WARN_CONSTANT_CONVERSION = YES;
				CLANG_WARN_DEPRECATED_OBJC_IMPLEMENTATIONS = YES;
				CLANG_WARN_DIRECT_OBJC_ISA_USAGE = YES_ERROR;
				CLANG_WARN_DOCUMENTATION_COMMENTS = YES;
				CLANG_WARN_EMPTY_BODY = YES;
				CLANG_WARN_ENUM_CONVERSION = YES;
				CLANG_WARN_INFINITE_RECURSION = YES;
				CLANG_WARN_INT_CONVERSION = YES;
				CLANG_WARN_NON_LITERAL_NULL_CONVERSION = YES;
				CLANG_WARN_OBJC_IMPLICIT_RETAIN_SELF = YES;
				CLANG_WARN_OBJC_LITERAL_CONVERSION = YES;
				CLANG_WARN_OBJC_ROOT_CLASS = YES_ERROR;
				CLANG_WARN_RANGE_LOOP_ANALYSIS = YES;
				CLANG_WARN_STRICT_PROTOTYPES = YES;
				CLANG_WARN_SUSPICIOUS_MOVE = YES;
				CLANG_WARN_UNGUARDED_AVAILABILITY = YES_AGGRESSIVE;
				CLANG_WARN_UNREACHABLE_CODE = YES;
				CLANG_WARN__DUPLICATE_METHOD_MATCH = YES;
				CODE_SIGN_IDENTITY = "iPhone Developer";
				COPY_PHASE_STRIP = NO;
				DEBUG_INFORMATION_FORMAT = dwarf;
				ENABLE_STRICT_OBJC_MSGSEND = YES;
				ENABLE_TESTABILITY = YES;
				GCC_C_LANGUAGE_STANDARD = gnu11;
				GCC_DYNAMIC_NO_PIC = NO;
				GCC_NO_COMMON_BLOCKS = YES;
				GCC_OPTIMIZATION_LEVEL = 0;
				GCC_PREPROCESSOR_DEFINITIONS = (
					"DEBUG=1",
					"$(inherited)",
				);
				GCC_WARN_64_TO_32_BIT_CONVERSION = YES;
				GCC_WARN_ABOUT_RETURN_TYPE = YES_ERROR;
				GCC_WARN_UNDECLARED_SELECTOR = YES;
				GCC_WARN_UNINITIALIZED_AUTOS = YES_AGGRESSIVE;
				GCC_WARN_UNUSED_FUNCTION = YES;
				GCC_WARN_UNUSED_VARIABLE = YES;
				IPHONEOS_DEPLOYMENT_TARGET = 9.0;
				MTL_ENABLE_DEBUG_INFO = INCLUDE_SOURCE;
				MTL_FAST_MATH = YES;
				ONLY_ACTIVE_ARCH = YES;
				SDKROOT = iphoneos;
			};
			name = Debug;
		};
		3B96DE4421A662A1007DC72B /* Release */ = {
			isa = XCBuildConfiguration;
			buildSettings = {
				ALWAYS_SEARCH_USER_PATHS = NO;
				CLANG_ANALYZER_NONNULL = YES;
				CLANG_ANALYZER_NUMBER_OBJECT_CONVERSION = YES_AGGRESSIVE;
				CLANG_CXX_LANGUAGE_STANDARD = "gnu++14";
				CLANG_CXX_LIBRARY = "libc++";
				CLANG_ENABLE_MODULES = YES;
				CLANG_ENABLE_OBJC_ARC = YES;
				CLANG_ENABLE_OBJC_WEAK = YES;
				CLANG_WARN_BLOCK_CAPTURE_AUTORELEASING = YES;
				CLANG_WARN_BOOL_CONVERSION = YES;
				CLANG_WARN_COMMA = YES;
				CLANG_WARN_CONSTANT_CONVERSION = YES;
				CLANG_WARN_DEPRECATED_OBJC_IMPLEMENTATIONS = YES;
				CLANG_WARN_DIRECT_OBJC_ISA_USAGE = YES_ERROR;
				CLANG_WARN_DOCUMENTATION_COMMENTS = YES;
				CLANG_WARN_EMPTY_BODY = YES;
				CLANG_WARN_ENUM_CONVERSION = YES;
				CLANG_WARN_INFINITE_RECURSION = YES;
				CLANG_WARN_INT_CONVERSION = YES;
				CLANG_WARN_NON_LITERAL_NULL_CONVERSION = YES;
				CLANG_WARN_OBJC_IMPLICIT_RETAIN_SELF = YES;
				CLANG_WARN_OBJC_LITERAL_CONVERSION = YES;
				CLANG_WARN_OBJC_ROOT_CLASS = YES_ERROR;
				CLANG_WARN_RANGE_LOOP_ANALYSIS = YES;
				CLANG_WARN_STRICT_PROTOTYPES = YES;
				CLANG_WARN_SUSPICIOUS_MOVE = YES;
				CLANG_WARN_UNGUARDED_AVAILABILITY = YES_AGGRESSIVE;
				CLANG_WARN_UNREACHABLE_CODE = YES;
				CLANG_WARN__DUPLICATE_METHOD_MATCH = YES;
				CODE_SIGN_IDENTITY = "iPhone Developer";
				COPY_PHASE_STRIP = NO;
				DEBUG_INFORMATION_FORMAT = "dwarf-with-dsym";
				ENABLE_NS_ASSERTIONS = NO;
				ENABLE_STRICT_OBJC_MSGSEND = YES;
				GCC_C_LANGUAGE_STANDARD = gnu11;
				GCC_NO_COMMON_BLOCKS = YES;
				GCC_WARN_64_TO_32_BIT_CONVERSION = YES;
				GCC_WARN_ABOUT_RETURN_TYPE = YES_ERROR;
				GCC_WARN_UNDECLARED_SELECTOR = YES;
				GCC_WARN_UNINITIALIZED_AUTOS = YES_AGGRESSIVE;
				GCC_WARN_UNUSED_FUNCTION = YES;
				GCC_WARN_UNUSED_VARIABLE = YES;
				IPHONEOS_DEPLOYMENT_TARGET = 9.0;
				MTL_ENABLE_DEBUG_INFO = NO;
				MTL_FAST_MATH = YES;
				SDKROOT = iphoneos;
				VALIDATE_PRODUCT = YES;
			};
			name = Release;
		};
		3B96DE4621A662A1007DC72B /* Debug */ = {
			isa = XCBuildConfiguration;
			baseConfigurationReference = A77D0A73DB6714918701E1FB /* Pods-WZYX-Customer.debug.xcconfig */;
			buildSettings = {
				ASSETCATALOG_COMPILER_APPICON_NAME = AppIcon;
				CODE_SIGN_STYLE = Automatic;
				DEVELOPMENT_TEAM = 2DY8H4Q5YP;
				INFOPLIST_FILE = "WZYX-Customer/Info.plist";
				LD_RUNPATH_SEARCH_PATHS = (
					"$(inherited)",
					"@executable_path/Frameworks",
				);
				PRODUCT_BUNDLE_IDENTIFIER = "WZYX.WZYX-Customer";
				PRODUCT_NAME = "$(TARGET_NAME)";
				TARGETED_DEVICE_FAMILY = "1,2";
			};
			name = Debug;
		};
		3B96DE4721A662A1007DC72B /* Release */ = {
			isa = XCBuildConfiguration;
			baseConfigurationReference = 528167EA6683A41A180B57B0 /* Pods-WZYX-Customer.release.xcconfig */;
			buildSettings = {
				ASSETCATALOG_COMPILER_APPICON_NAME = AppIcon;
				CODE_SIGN_STYLE = Automatic;
				DEVELOPMENT_TEAM = 2DY8H4Q5YP;
				INFOPLIST_FILE = "WZYX-Customer/Info.plist";
				LD_RUNPATH_SEARCH_PATHS = (
					"$(inherited)",
					"@executable_path/Frameworks",
				);
				PRODUCT_BUNDLE_IDENTIFIER = "WZYX.WZYX-Customer";
				PRODUCT_NAME = "$(TARGET_NAME)";
				TARGETED_DEVICE_FAMILY = "1,2";
			};
			name = Release;
		};
		3B96DE4921A662A1007DC72B /* Debug */ = {
			isa = XCBuildConfiguration;
			baseConfigurationReference = 5E380F36AD565DD665781C5D /* Pods-WZYX-CustomerTests.debug.xcconfig */;
			buildSettings = {
				BUNDLE_LOADER = "$(TEST_HOST)";
				CODE_SIGN_STYLE = Automatic;
				INFOPLIST_FILE = "WZYX-CustomerTests/Info.plist";
				LD_RUNPATH_SEARCH_PATHS = (
					"$(inherited)",
					"@executable_path/Frameworks",
					"@loader_path/Frameworks",
				);
				PRODUCT_BUNDLE_IDENTIFIER = "WZYX.WZYX-CustomerTests";
				PRODUCT_NAME = "$(TARGET_NAME)";
				TARGETED_DEVICE_FAMILY = "1,2";
				TEST_HOST = "$(BUILT_PRODUCTS_DIR)/WZYX-Customer.app/WZYX-Customer";
			};
			name = Debug;
		};
		3B96DE4A21A662A1007DC72B /* Release */ = {
			isa = XCBuildConfiguration;
			baseConfigurationReference = 96A8348338BD5C23D5F55BFD /* Pods-WZYX-CustomerTests.release.xcconfig */;
			buildSettings = {
				BUNDLE_LOADER = "$(TEST_HOST)";
				CODE_SIGN_STYLE = Automatic;
				INFOPLIST_FILE = "WZYX-CustomerTests/Info.plist";
				LD_RUNPATH_SEARCH_PATHS = (
					"$(inherited)",
					"@executable_path/Frameworks",
					"@loader_path/Frameworks",
				);
				PRODUCT_BUNDLE_IDENTIFIER = "WZYX.WZYX-CustomerTests";
				PRODUCT_NAME = "$(TARGET_NAME)";
				TARGETED_DEVICE_FAMILY = "1,2";
				TEST_HOST = "$(BUILT_PRODUCTS_DIR)/WZYX-Customer.app/WZYX-Customer";
			};
			name = Release;
		};
		3B96DE4C21A662A1007DC72B /* Debug */ = {
			isa = XCBuildConfiguration;
			baseConfigurationReference = 30E8862241FC2CEC8D533B54 /* Pods-WZYX-CustomerUITests.debug.xcconfig */;
			buildSettings = {
				CODE_SIGN_STYLE = Automatic;
				INFOPLIST_FILE = "WZYX-CustomerUITests/Info.plist";
				LD_RUNPATH_SEARCH_PATHS = (
					"$(inherited)",
					"@executable_path/Frameworks",
					"@loader_path/Frameworks",
				);
				PRODUCT_BUNDLE_IDENTIFIER = "WZYX.WZYX-CustomerUITests";
				PRODUCT_NAME = "$(TARGET_NAME)";
				TARGETED_DEVICE_FAMILY = "1,2";
				TEST_TARGET_NAME = "WZYX-Customer";
			};
			name = Debug;
		};
		3B96DE4D21A662A1007DC72B /* Release */ = {
			isa = XCBuildConfiguration;
			baseConfigurationReference = B37D9404D650D33414637002 /* Pods-WZYX-CustomerUITests.release.xcconfig */;
			buildSettings = {
				CODE_SIGN_STYLE = Automatic;
				INFOPLIST_FILE = "WZYX-CustomerUITests/Info.plist";
				LD_RUNPATH_SEARCH_PATHS = (
					"$(inherited)",
					"@executable_path/Frameworks",
					"@loader_path/Frameworks",
				);
				PRODUCT_BUNDLE_IDENTIFIER = "WZYX.WZYX-CustomerUITests";
				PRODUCT_NAME = "$(TARGET_NAME)";
				TARGETED_DEVICE_FAMILY = "1,2";
				TEST_TARGET_NAME = "WZYX-Customer";
			};
			name = Release;
		};
/* End XCBuildConfiguration section */

/* Begin XCConfigurationList section */
		3B96DE1421A662A0007DC72B /* Build configuration list for PBXProject "WZYX-Customer" */ = {
			isa = XCConfigurationList;
			buildConfigurations = (
				3B96DE4321A662A1007DC72B /* Debug */,
				3B96DE4421A662A1007DC72B /* Release */,
			);
			defaultConfigurationIsVisible = 0;
			defaultConfigurationName = Release;
		};
		3B96DE4521A662A1007DC72B /* Build configuration list for PBXNativeTarget "WZYX-Customer" */ = {
			isa = XCConfigurationList;
			buildConfigurations = (
				3B96DE4621A662A1007DC72B /* Debug */,
				3B96DE4721A662A1007DC72B /* Release */,
			);
			defaultConfigurationIsVisible = 0;
			defaultConfigurationName = Release;
		};
		3B96DE4821A662A1007DC72B /* Build configuration list for PBXNativeTarget "WZYX-CustomerTests" */ = {
			isa = XCConfigurationList;
			buildConfigurations = (
				3B96DE4921A662A1007DC72B /* Debug */,
				3B96DE4A21A662A1007DC72B /* Release */,
			);
			defaultConfigurationIsVisible = 0;
			defaultConfigurationName = Release;
		};
		3B96DE4B21A662A1007DC72B /* Build configuration list for PBXNativeTarget "WZYX-CustomerUITests" */ = {
			isa = XCConfigurationList;
			buildConfigurations = (
				3B96DE4C21A662A1007DC72B /* Debug */,
				3B96DE4D21A662A1007DC72B /* Release */,
			);
			defaultConfigurationIsVisible = 0;
			defaultConfigurationName = Release;
		};
/* End XCConfigurationList section */
	};
	rootObject = 3B96DE1121A662A0007DC72B /* Project object */;
}
